Microsoft Visual Studio Solution File, Format Version 12.00
# Visual Studio 15
VisualStudioVersion = 15.0.27004.2002
MinimumVisualStudioVersion = 10.0.40219.1
Project("{FAE04EC0-301F-11D3-BF4B-00C04F79EFBC}") = "MoneyFox.Windows", "MoneyFox.Windows\MoneyFox.Windows.csproj", "{66EA2C31-4D7C-4FD1-8F9B-24E56266A8D2}"
EndProject
Project("{2150E333-8FDC-42A3-9474-1A3956D46DE8}") = "Platforms", "Platforms", "{609FE014-9C31-4E4C-9A1A-3E0F79F89938}"
EndProject
Project("{2150E333-8FDC-42A3-9474-1A3956D46DE8}") = "_Tests", "_Tests", "{F704D85F-2758-42A1-B87D-2C21EC782329}"
EndProject
Project("{FAE04EC0-301F-11D3-BF4B-00C04F79EFBC}") = "MoneyFox.Windows.Tests", "MoneyFox.Windows.Tests\MoneyFox.Windows.Tests.csproj", "{75712C17-1A07-45B9-A3CF-D3E6922672E4}"
EndProject
Project("{FAE04EC0-301F-11D3-BF4B-00C04F79EFBC}") = "MoneyFox.Windows.Tasks", "MoneyFox.Windows.Tasks\MoneyFox.Windows.Tasks.csproj", "{2B1C7AF2-7208-4D84-9BD8-93C13FE373DA}"
EndProject
Project("{2150E333-8FDC-42A3-9474-1A3956D46DE8}") = "Windows", "Windows", "{0C5D39CB-8298-4258-8752-09A4D2F29840}"
EndProject
Project("{9A19103F-16F7-4668-BE54-9A1E7A4F7556}") = "MoneyFox.DataAccess", "MoneyFox.DataAccess\MoneyFox.DataAccess.csproj", "{600FC746-6968-489F-9471-A37A6D312812}"
EndProject
Project("{9A19103F-16F7-4668-BE54-9A1E7A4F7556}") = "MoneyFox.Foundation", "MoneyFox.Foundation\MoneyFox.Foundation.csproj", "{3040FFCD-98E4-4C02-867C-725C93AD38E8}"
EndProject
Project("{9A19103F-16F7-4668-BE54-9A1E7A4F7556}") = "MoneyFox.Business", "MoneyFox.Business\MoneyFox.Business.csproj", "{15ACA206-DC79-429C-A4A5-D947D62481B5}"
EndProject
Project("{2150E333-8FDC-42A3-9474-1A3956D46DE8}") = "Core", "Core", "{0B31DE2D-1855-479A-977B-8A7AC3E1F8C9}"
EndProject
Project("{9A19103F-16F7-4668-BE54-9A1E7A4F7556}") = "MoneyFox.Service", "MoneyFox.Service\MoneyFox.Service.csproj", "{41637575-DF70-48B4-A99C-46299A7D2E8F}"
EndProject
Project("{9A19103F-16F7-4668-BE54-9A1E7A4F7556}") = "MoneyFox.DataAccess.Tests", "MoneyFox.DataAccess.Tests\MoneyFox.DataAccess.Tests.csproj", "{A163AB36-0E37-44BA-9125-63D2D27CE894}"
EndProject
Project("{FAE04EC0-301F-11D3-BF4B-00C04F79EFBC}") = "MoneyFox.Windows.Business", "MoneyFox.Windows.Business\MoneyFox.Windows.Business.csproj", "{ACD50DCF-B031-4686-BB75-B5A1F354C7EB}"
EndProject
Project("{FAE04EC0-301F-11D3-BF4B-00C04F79EFBC}") = "MoneyFox.Droid", "MoneyFox.Droid\MoneyFox.Droid.csproj", "{19DC0BB0-19F4-4E2D-80B7-FAE77A7C9B36}"
EndProject
Project("{9A19103F-16F7-4668-BE54-9A1E7A4F7556}") = "MoneyFox.Business.Tests", "MoneyFox.Business.Tests\MoneyFox.Business.Tests.csproj", "{58755E30-442D-4974-A937-1D2EF794A607}"
EndProject
Project("{9A19103F-16F7-4668-BE54-9A1E7A4F7556}") = "MoneyFox.Foundation.Tests", "MoneyFox.Foundation.Tests\MoneyFox.Foundation.Tests.csproj", "{6FCACF5A-9621-4446-AE71-E5E19B68AA01}"
EndProject
Project("{9A19103F-16F7-4668-BE54-9A1E7A4F7556}") = "MoneyFox.Service.Tests", "MoneyFox.Service.Tests\MoneyFox.Service.Tests.csproj", "{65BC6C81-77E5-4D48-AE2F-06E5067F9ADB}"
EndProject
Global
	GlobalSection(SolutionConfigurationPlatforms) = preSolution
		Ad-Hoc|Any CPU = Ad-Hoc|Any CPU
		Ad-Hoc|ARM = Ad-Hoc|ARM
		Ad-Hoc|iPhone = Ad-Hoc|iPhone
		Ad-Hoc|iPhoneSimulator = Ad-Hoc|iPhoneSimulator
		Ad-Hoc|Mixed Platforms = Ad-Hoc|Mixed Platforms
		Ad-Hoc|Unix = Ad-Hoc|Unix
		Ad-Hoc|x64 = Ad-Hoc|x64
		Ad-Hoc|x86 = Ad-Hoc|x86
		AppStore|Any CPU = AppStore|Any CPU
		AppStore|ARM = AppStore|ARM
		AppStore|iPhone = AppStore|iPhone
		AppStore|iPhoneSimulator = AppStore|iPhoneSimulator
		AppStore|Mixed Platforms = AppStore|Mixed Platforms
		AppStore|Unix = AppStore|Unix
		AppStore|x64 = AppStore|x64
		AppStore|x86 = AppStore|x86
		Debug|Any CPU = Debug|Any CPU
		Debug|ARM = Debug|ARM
		Debug|iPhone = Debug|iPhone
		Debug|iPhoneSimulator = Debug|iPhoneSimulator
		Debug|Mixed Platforms = Debug|Mixed Platforms
		Debug|Unix = Debug|Unix
		Debug|x64 = Debug|x64
		Debug|x86 = Debug|x86
		Release|Any CPU = Release|Any CPU
		Release|ARM = Release|ARM
		Release|iPhone = Release|iPhone
		Release|iPhoneSimulator = Release|iPhoneSimulator
		Release|Mixed Platforms = Release|Mixed Platforms
		Release|Unix = Release|Unix
		Release|x64 = Release|x64
		Release|x86 = Release|x86
	EndGlobalSection
	GlobalSection(ProjectConfigurationPlatforms) = postSolution
		{66EA2C31-4D7C-4FD1-8F9B-24E56266A8D2}.Ad-Hoc|Any CPU.ActiveCfg = Release|x64
		{66EA2C31-4D7C-4FD1-8F9B-24E56266A8D2}.Ad-Hoc|Any CPU.Build.0 = Release|x64
		{66EA2C31-4D7C-4FD1-8F9B-24E56266A8D2}.Ad-Hoc|Any CPU.Deploy.0 = Release|x64
		{66EA2C31-4D7C-4FD1-8F9B-24E56266A8D2}.Ad-Hoc|ARM.ActiveCfg = Release|ARM
		{66EA2C31-4D7C-4FD1-8F9B-24E56266A8D2}.Ad-Hoc|ARM.Build.0 = Release|ARM
		{66EA2C31-4D7C-4FD1-8F9B-24E56266A8D2}.Ad-Hoc|ARM.Deploy.0 = Release|ARM
		{66EA2C31-4D7C-4FD1-8F9B-24E56266A8D2}.Ad-Hoc|iPhone.ActiveCfg = Release|x64
		{66EA2C31-4D7C-4FD1-8F9B-24E56266A8D2}.Ad-Hoc|iPhone.Build.0 = Release|x64
		{66EA2C31-4D7C-4FD1-8F9B-24E56266A8D2}.Ad-Hoc|iPhone.Deploy.0 = Release|x64
		{66EA2C31-4D7C-4FD1-8F9B-24E56266A8D2}.Ad-Hoc|iPhoneSimulator.ActiveCfg = Release|x64
		{66EA2C31-4D7C-4FD1-8F9B-24E56266A8D2}.Ad-Hoc|iPhoneSimulator.Build.0 = Release|x64
		{66EA2C31-4D7C-4FD1-8F9B-24E56266A8D2}.Ad-Hoc|iPhoneSimulator.Deploy.0 = Release|x64
		{66EA2C31-4D7C-4FD1-8F9B-24E56266A8D2}.Ad-Hoc|Mixed Platforms.ActiveCfg = Release|x86
		{66EA2C31-4D7C-4FD1-8F9B-24E56266A8D2}.Ad-Hoc|Mixed Platforms.Build.0 = Release|x86
		{66EA2C31-4D7C-4FD1-8F9B-24E56266A8D2}.Ad-Hoc|Mixed Platforms.Deploy.0 = Release|x86
		{66EA2C31-4D7C-4FD1-8F9B-24E56266A8D2}.Ad-Hoc|Unix.ActiveCfg = Debug|x64
		{66EA2C31-4D7C-4FD1-8F9B-24E56266A8D2}.Ad-Hoc|x64.ActiveCfg = Release|x64
		{66EA2C31-4D7C-4FD1-8F9B-24E56266A8D2}.Ad-Hoc|x64.Build.0 = Release|x64
		{66EA2C31-4D7C-4FD1-8F9B-24E56266A8D2}.Ad-Hoc|x64.Deploy.0 = Release|x64
		{66EA2C31-4D7C-4FD1-8F9B-24E56266A8D2}.Ad-Hoc|x86.ActiveCfg = Release|x86
		{66EA2C31-4D7C-4FD1-8F9B-24E56266A8D2}.Ad-Hoc|x86.Build.0 = Release|x86
		{66EA2C31-4D7C-4FD1-8F9B-24E56266A8D2}.Ad-Hoc|x86.Deploy.0 = Release|x86
		{66EA2C31-4D7C-4FD1-8F9B-24E56266A8D2}.AppStore|Any CPU.ActiveCfg = Release|x64
		{66EA2C31-4D7C-4FD1-8F9B-24E56266A8D2}.AppStore|Any CPU.Build.0 = Release|x64
		{66EA2C31-4D7C-4FD1-8F9B-24E56266A8D2}.AppStore|Any CPU.Deploy.0 = Release|x64
		{66EA2C31-4D7C-4FD1-8F9B-24E56266A8D2}.AppStore|ARM.ActiveCfg = Release|ARM
		{66EA2C31-4D7C-4FD1-8F9B-24E56266A8D2}.AppStore|ARM.Build.0 = Release|ARM
		{66EA2C31-4D7C-4FD1-8F9B-24E56266A8D2}.AppStore|ARM.Deploy.0 = Release|ARM
		{66EA2C31-4D7C-4FD1-8F9B-24E56266A8D2}.AppStore|iPhone.ActiveCfg = Release|x64
		{66EA2C31-4D7C-4FD1-8F9B-24E56266A8D2}.AppStore|iPhone.Build.0 = Release|x64
		{66EA2C31-4D7C-4FD1-8F9B-24E56266A8D2}.AppStore|iPhone.Deploy.0 = Release|x64
		{66EA2C31-4D7C-4FD1-8F9B-24E56266A8D2}.AppStore|iPhoneSimulator.ActiveCfg = Release|x64
		{66EA2C31-4D7C-4FD1-8F9B-24E56266A8D2}.AppStore|iPhoneSimulator.Build.0 = Release|x64
		{66EA2C31-4D7C-4FD1-8F9B-24E56266A8D2}.AppStore|iPhoneSimulator.Deploy.0 = Release|x64
		{66EA2C31-4D7C-4FD1-8F9B-24E56266A8D2}.AppStore|Mixed Platforms.ActiveCfg = Release|x86
		{66EA2C31-4D7C-4FD1-8F9B-24E56266A8D2}.AppStore|Mixed Platforms.Build.0 = Release|x86
		{66EA2C31-4D7C-4FD1-8F9B-24E56266A8D2}.AppStore|Mixed Platforms.Deploy.0 = Release|x86
		{66EA2C31-4D7C-4FD1-8F9B-24E56266A8D2}.AppStore|Unix.ActiveCfg = Debug|x64
		{66EA2C31-4D7C-4FD1-8F9B-24E56266A8D2}.AppStore|x64.ActiveCfg = Release|x64
		{66EA2C31-4D7C-4FD1-8F9B-24E56266A8D2}.AppStore|x64.Build.0 = Release|x64
		{66EA2C31-4D7C-4FD1-8F9B-24E56266A8D2}.AppStore|x64.Deploy.0 = Release|x64
		{66EA2C31-4D7C-4FD1-8F9B-24E56266A8D2}.AppStore|x86.ActiveCfg = Release|x86
		{66EA2C31-4D7C-4FD1-8F9B-24E56266A8D2}.AppStore|x86.Build.0 = Release|x86
		{66EA2C31-4D7C-4FD1-8F9B-24E56266A8D2}.AppStore|x86.Deploy.0 = Release|x86
		{66EA2C31-4D7C-4FD1-8F9B-24E56266A8D2}.Debug|Any CPU.ActiveCfg = Debug|x86
		{66EA2C31-4D7C-4FD1-8F9B-24E56266A8D2}.Debug|Any CPU.Build.0 = Debug|x86
		{66EA2C31-4D7C-4FD1-8F9B-24E56266A8D2}.Debug|Any CPU.Deploy.0 = Debug|x86
		{66EA2C31-4D7C-4FD1-8F9B-24E56266A8D2}.Debug|ARM.ActiveCfg = Debug|ARM
		{66EA2C31-4D7C-4FD1-8F9B-24E56266A8D2}.Debug|ARM.Build.0 = Debug|ARM
		{66EA2C31-4D7C-4FD1-8F9B-24E56266A8D2}.Debug|ARM.Deploy.0 = Debug|ARM
		{66EA2C31-4D7C-4FD1-8F9B-24E56266A8D2}.Debug|iPhone.ActiveCfg = Debug|x86
		{66EA2C31-4D7C-4FD1-8F9B-24E56266A8D2}.Debug|iPhoneSimulator.ActiveCfg = Debug|x86
		{66EA2C31-4D7C-4FD1-8F9B-24E56266A8D2}.Debug|Mixed Platforms.ActiveCfg = Debug|x86
		{66EA2C31-4D7C-4FD1-8F9B-24E56266A8D2}.Debug|Mixed Platforms.Build.0 = Debug|x86
		{66EA2C31-4D7C-4FD1-8F9B-24E56266A8D2}.Debug|Mixed Platforms.Deploy.0 = Debug|x86
		{66EA2C31-4D7C-4FD1-8F9B-24E56266A8D2}.Debug|Unix.ActiveCfg = Debug|x86
		{66EA2C31-4D7C-4FD1-8F9B-24E56266A8D2}.Debug|x64.ActiveCfg = Debug|x64
		{66EA2C31-4D7C-4FD1-8F9B-24E56266A8D2}.Debug|x64.Build.0 = Debug|x64
		{66EA2C31-4D7C-4FD1-8F9B-24E56266A8D2}.Debug|x64.Deploy.0 = Debug|x64
		{66EA2C31-4D7C-4FD1-8F9B-24E56266A8D2}.Debug|x86.ActiveCfg = Debug|x86
		{66EA2C31-4D7C-4FD1-8F9B-24E56266A8D2}.Debug|x86.Build.0 = Debug|x86
		{66EA2C31-4D7C-4FD1-8F9B-24E56266A8D2}.Debug|x86.Deploy.0 = Debug|x86
		{66EA2C31-4D7C-4FD1-8F9B-24E56266A8D2}.Release|Any CPU.ActiveCfg = Release|x86
		{66EA2C31-4D7C-4FD1-8F9B-24E56266A8D2}.Release|Any CPU.Build.0 = Release|x86
		{66EA2C31-4D7C-4FD1-8F9B-24E56266A8D2}.Release|Any CPU.Deploy.0 = Release|x86
		{66EA2C31-4D7C-4FD1-8F9B-24E56266A8D2}.Release|ARM.ActiveCfg = Release|ARM
		{66EA2C31-4D7C-4FD1-8F9B-24E56266A8D2}.Release|ARM.Build.0 = Release|ARM
		{66EA2C31-4D7C-4FD1-8F9B-24E56266A8D2}.Release|ARM.Deploy.0 = Release|ARM
		{66EA2C31-4D7C-4FD1-8F9B-24E56266A8D2}.Release|iPhone.ActiveCfg = Release|x86
		{66EA2C31-4D7C-4FD1-8F9B-24E56266A8D2}.Release|iPhoneSimulator.ActiveCfg = Release|x86
		{66EA2C31-4D7C-4FD1-8F9B-24E56266A8D2}.Release|Mixed Platforms.ActiveCfg = Release|x86
		{66EA2C31-4D7C-4FD1-8F9B-24E56266A8D2}.Release|Mixed Platforms.Build.0 = Release|x86
		{66EA2C31-4D7C-4FD1-8F9B-24E56266A8D2}.Release|Mixed Platforms.Deploy.0 = Release|x86
		{66EA2C31-4D7C-4FD1-8F9B-24E56266A8D2}.Release|Unix.ActiveCfg = Release|x86
		{66EA2C31-4D7C-4FD1-8F9B-24E56266A8D2}.Release|x64.ActiveCfg = Release|x64
		{66EA2C31-4D7C-4FD1-8F9B-24E56266A8D2}.Release|x64.Build.0 = Release|x64
		{66EA2C31-4D7C-4FD1-8F9B-24E56266A8D2}.Release|x64.Deploy.0 = Release|x64
		{66EA2C31-4D7C-4FD1-8F9B-24E56266A8D2}.Release|x86.ActiveCfg = Release|x86
		{66EA2C31-4D7C-4FD1-8F9B-24E56266A8D2}.Release|x86.Build.0 = Release|x86
		{66EA2C31-4D7C-4FD1-8F9B-24E56266A8D2}.Release|x86.Deploy.0 = Release|x86
		{75712C17-1A07-45B9-A3CF-D3E6922672E4}.Ad-Hoc|Any CPU.ActiveCfg = Release|x64
		{75712C17-1A07-45B9-A3CF-D3E6922672E4}.Ad-Hoc|Any CPU.Build.0 = Release|x64
		{75712C17-1A07-45B9-A3CF-D3E6922672E4}.Ad-Hoc|Any CPU.Deploy.0 = Release|x64
		{75712C17-1A07-45B9-A3CF-D3E6922672E4}.Ad-Hoc|ARM.ActiveCfg = Release|ARM
		{75712C17-1A07-45B9-A3CF-D3E6922672E4}.Ad-Hoc|ARM.Build.0 = Release|ARM
		{75712C17-1A07-45B9-A3CF-D3E6922672E4}.Ad-Hoc|ARM.Deploy.0 = Release|ARM
		{75712C17-1A07-45B9-A3CF-D3E6922672E4}.Ad-Hoc|iPhone.ActiveCfg = Release|x64
		{75712C17-1A07-45B9-A3CF-D3E6922672E4}.Ad-Hoc|iPhone.Build.0 = Release|x64
		{75712C17-1A07-45B9-A3CF-D3E6922672E4}.Ad-Hoc|iPhone.Deploy.0 = Release|x64
		{75712C17-1A07-45B9-A3CF-D3E6922672E4}.Ad-Hoc|iPhoneSimulator.ActiveCfg = Release|x64
		{75712C17-1A07-45B9-A3CF-D3E6922672E4}.Ad-Hoc|iPhoneSimulator.Build.0 = Release|x64
		{75712C17-1A07-45B9-A3CF-D3E6922672E4}.Ad-Hoc|iPhoneSimulator.Deploy.0 = Release|x64
		{75712C17-1A07-45B9-A3CF-D3E6922672E4}.Ad-Hoc|Mixed Platforms.ActiveCfg = Release|x86
		{75712C17-1A07-45B9-A3CF-D3E6922672E4}.Ad-Hoc|Mixed Platforms.Build.0 = Release|x86
		{75712C17-1A07-45B9-A3CF-D3E6922672E4}.Ad-Hoc|Mixed Platforms.Deploy.0 = Release|x86
		{75712C17-1A07-45B9-A3CF-D3E6922672E4}.Ad-Hoc|Unix.ActiveCfg = Release|x64
		{75712C17-1A07-45B9-A3CF-D3E6922672E4}.Ad-Hoc|Unix.Build.0 = Release|x64
		{75712C17-1A07-45B9-A3CF-D3E6922672E4}.Ad-Hoc|Unix.Deploy.0 = Release|x64
		{75712C17-1A07-45B9-A3CF-D3E6922672E4}.Ad-Hoc|x64.ActiveCfg = Release|x64
		{75712C17-1A07-45B9-A3CF-D3E6922672E4}.Ad-Hoc|x64.Build.0 = Release|x64
		{75712C17-1A07-45B9-A3CF-D3E6922672E4}.Ad-Hoc|x64.Deploy.0 = Release|x64
		{75712C17-1A07-45B9-A3CF-D3E6922672E4}.Ad-Hoc|x86.ActiveCfg = Release|x86
		{75712C17-1A07-45B9-A3CF-D3E6922672E4}.Ad-Hoc|x86.Build.0 = Release|x86
		{75712C17-1A07-45B9-A3CF-D3E6922672E4}.Ad-Hoc|x86.Deploy.0 = Release|x86
		{75712C17-1A07-45B9-A3CF-D3E6922672E4}.AppStore|Any CPU.ActiveCfg = Release|x64
		{75712C17-1A07-45B9-A3CF-D3E6922672E4}.AppStore|Any CPU.Build.0 = Release|x64
		{75712C17-1A07-45B9-A3CF-D3E6922672E4}.AppStore|Any CPU.Deploy.0 = Release|x64
		{75712C17-1A07-45B9-A3CF-D3E6922672E4}.AppStore|ARM.ActiveCfg = Release|ARM
		{75712C17-1A07-45B9-A3CF-D3E6922672E4}.AppStore|ARM.Build.0 = Release|ARM
		{75712C17-1A07-45B9-A3CF-D3E6922672E4}.AppStore|ARM.Deploy.0 = Release|ARM
		{75712C17-1A07-45B9-A3CF-D3E6922672E4}.AppStore|iPhone.ActiveCfg = Release|x64
		{75712C17-1A07-45B9-A3CF-D3E6922672E4}.AppStore|iPhone.Build.0 = Release|x64
		{75712C17-1A07-45B9-A3CF-D3E6922672E4}.AppStore|iPhone.Deploy.0 = Release|x64
		{75712C17-1A07-45B9-A3CF-D3E6922672E4}.AppStore|iPhoneSimulator.ActiveCfg = Release|x64
		{75712C17-1A07-45B9-A3CF-D3E6922672E4}.AppStore|iPhoneSimulator.Build.0 = Release|x64
		{75712C17-1A07-45B9-A3CF-D3E6922672E4}.AppStore|iPhoneSimulator.Deploy.0 = Release|x64
		{75712C17-1A07-45B9-A3CF-D3E6922672E4}.AppStore|Mixed Platforms.ActiveCfg = Release|x86
		{75712C17-1A07-45B9-A3CF-D3E6922672E4}.AppStore|Mixed Platforms.Build.0 = Release|x86
		{75712C17-1A07-45B9-A3CF-D3E6922672E4}.AppStore|Mixed Platforms.Deploy.0 = Release|x86
		{75712C17-1A07-45B9-A3CF-D3E6922672E4}.AppStore|Unix.ActiveCfg = Release|x64
		{75712C17-1A07-45B9-A3CF-D3E6922672E4}.AppStore|Unix.Build.0 = Release|x64
		{75712C17-1A07-45B9-A3CF-D3E6922672E4}.AppStore|Unix.Deploy.0 = Release|x64
		{75712C17-1A07-45B9-A3CF-D3E6922672E4}.AppStore|x64.ActiveCfg = Release|x64
		{75712C17-1A07-45B9-A3CF-D3E6922672E4}.AppStore|x64.Build.0 = Release|x64
		{75712C17-1A07-45B9-A3CF-D3E6922672E4}.AppStore|x64.Deploy.0 = Release|x64
		{75712C17-1A07-45B9-A3CF-D3E6922672E4}.AppStore|x86.ActiveCfg = Release|x86
		{75712C17-1A07-45B9-A3CF-D3E6922672E4}.AppStore|x86.Build.0 = Release|x86
		{75712C17-1A07-45B9-A3CF-D3E6922672E4}.AppStore|x86.Deploy.0 = Release|x86
		{75712C17-1A07-45B9-A3CF-D3E6922672E4}.Debug|Any CPU.ActiveCfg = Debug|x86
		{75712C17-1A07-45B9-A3CF-D3E6922672E4}.Debug|Any CPU.Build.0 = Debug|x86
		{75712C17-1A07-45B9-A3CF-D3E6922672E4}.Debug|Any CPU.Deploy.0 = Debug|x86
		{75712C17-1A07-45B9-A3CF-D3E6922672E4}.Debug|ARM.ActiveCfg = Debug|ARM
		{75712C17-1A07-45B9-A3CF-D3E6922672E4}.Debug|ARM.Build.0 = Debug|ARM
		{75712C17-1A07-45B9-A3CF-D3E6922672E4}.Debug|ARM.Deploy.0 = Debug|ARM
		{75712C17-1A07-45B9-A3CF-D3E6922672E4}.Debug|iPhone.ActiveCfg = Debug|x86
		{75712C17-1A07-45B9-A3CF-D3E6922672E4}.Debug|iPhoneSimulator.ActiveCfg = Debug|x86
		{75712C17-1A07-45B9-A3CF-D3E6922672E4}.Debug|Mixed Platforms.ActiveCfg = Debug|x86
		{75712C17-1A07-45B9-A3CF-D3E6922672E4}.Debug|Mixed Platforms.Build.0 = Debug|x86
		{75712C17-1A07-45B9-A3CF-D3E6922672E4}.Debug|Mixed Platforms.Deploy.0 = Debug|x86
		{75712C17-1A07-45B9-A3CF-D3E6922672E4}.Debug|Unix.ActiveCfg = Debug|x86
		{75712C17-1A07-45B9-A3CF-D3E6922672E4}.Debug|x64.ActiveCfg = Debug|x64
		{75712C17-1A07-45B9-A3CF-D3E6922672E4}.Debug|x64.Build.0 = Debug|x64
		{75712C17-1A07-45B9-A3CF-D3E6922672E4}.Debug|x64.Deploy.0 = Debug|x64
		{75712C17-1A07-45B9-A3CF-D3E6922672E4}.Debug|x86.ActiveCfg = Debug|x86
		{75712C17-1A07-45B9-A3CF-D3E6922672E4}.Debug|x86.Build.0 = Debug|x86
		{75712C17-1A07-45B9-A3CF-D3E6922672E4}.Debug|x86.Deploy.0 = Debug|x86
		{75712C17-1A07-45B9-A3CF-D3E6922672E4}.Release|Any CPU.ActiveCfg = Release|x86
		{75712C17-1A07-45B9-A3CF-D3E6922672E4}.Release|ARM.ActiveCfg = Release|ARM
		{75712C17-1A07-45B9-A3CF-D3E6922672E4}.Release|ARM.Build.0 = Release|ARM
		{75712C17-1A07-45B9-A3CF-D3E6922672E4}.Release|ARM.Deploy.0 = Release|ARM
		{75712C17-1A07-45B9-A3CF-D3E6922672E4}.Release|iPhone.ActiveCfg = Release|x86
		{75712C17-1A07-45B9-A3CF-D3E6922672E4}.Release|iPhoneSimulator.ActiveCfg = Release|x86
		{75712C17-1A07-45B9-A3CF-D3E6922672E4}.Release|Mixed Platforms.ActiveCfg = Release|x86
		{75712C17-1A07-45B9-A3CF-D3E6922672E4}.Release|Mixed Platforms.Build.0 = Release|x86
		{75712C17-1A07-45B9-A3CF-D3E6922672E4}.Release|Mixed Platforms.Deploy.0 = Release|x86
		{75712C17-1A07-45B9-A3CF-D3E6922672E4}.Release|Unix.ActiveCfg = Release|x86
		{75712C17-1A07-45B9-A3CF-D3E6922672E4}.Release|x64.ActiveCfg = Release|x64
		{75712C17-1A07-45B9-A3CF-D3E6922672E4}.Release|x64.Build.0 = Release|x64
		{75712C17-1A07-45B9-A3CF-D3E6922672E4}.Release|x64.Deploy.0 = Release|x64
		{75712C17-1A07-45B9-A3CF-D3E6922672E4}.Release|x86.ActiveCfg = Release|x86
		{75712C17-1A07-45B9-A3CF-D3E6922672E4}.Release|x86.Build.0 = Release|x86
		{75712C17-1A07-45B9-A3CF-D3E6922672E4}.Release|x86.Deploy.0 = Release|x86
		{2B1C7AF2-7208-4D84-9BD8-93C13FE373DA}.Ad-Hoc|Any CPU.ActiveCfg = Release|Any CPU
		{2B1C7AF2-7208-4D84-9BD8-93C13FE373DA}.Ad-Hoc|Any CPU.Build.0 = Release|Any CPU
		{2B1C7AF2-7208-4D84-9BD8-93C13FE373DA}.Ad-Hoc|ARM.ActiveCfg = Release|ARM
		{2B1C7AF2-7208-4D84-9BD8-93C13FE373DA}.Ad-Hoc|ARM.Build.0 = Release|ARM
		{2B1C7AF2-7208-4D84-9BD8-93C13FE373DA}.Ad-Hoc|iPhone.ActiveCfg = Release|Any CPU
		{2B1C7AF2-7208-4D84-9BD8-93C13FE373DA}.Ad-Hoc|iPhone.Build.0 = Release|Any CPU
		{2B1C7AF2-7208-4D84-9BD8-93C13FE373DA}.Ad-Hoc|iPhoneSimulator.ActiveCfg = Release|Any CPU
		{2B1C7AF2-7208-4D84-9BD8-93C13FE373DA}.Ad-Hoc|iPhoneSimulator.Build.0 = Release|Any CPU
		{2B1C7AF2-7208-4D84-9BD8-93C13FE373DA}.Ad-Hoc|Mixed Platforms.ActiveCfg = Release|x86
		{2B1C7AF2-7208-4D84-9BD8-93C13FE373DA}.Ad-Hoc|Mixed Platforms.Build.0 = Release|x86
		{2B1C7AF2-7208-4D84-9BD8-93C13FE373DA}.Ad-Hoc|Unix.ActiveCfg = Release|Any CPU
		{2B1C7AF2-7208-4D84-9BD8-93C13FE373DA}.Ad-Hoc|Unix.Build.0 = Release|Any CPU
		{2B1C7AF2-7208-4D84-9BD8-93C13FE373DA}.Ad-Hoc|x64.ActiveCfg = Release|x64
		{2B1C7AF2-7208-4D84-9BD8-93C13FE373DA}.Ad-Hoc|x64.Build.0 = Release|x64
		{2B1C7AF2-7208-4D84-9BD8-93C13FE373DA}.Ad-Hoc|x86.ActiveCfg = Release|x86
		{2B1C7AF2-7208-4D84-9BD8-93C13FE373DA}.Ad-Hoc|x86.Build.0 = Release|x86
		{2B1C7AF2-7208-4D84-9BD8-93C13FE373DA}.AppStore|Any CPU.ActiveCfg = Release|Any CPU
		{2B1C7AF2-7208-4D84-9BD8-93C13FE373DA}.AppStore|Any CPU.Build.0 = Release|Any CPU
		{2B1C7AF2-7208-4D84-9BD8-93C13FE373DA}.AppStore|ARM.ActiveCfg = Release|ARM
		{2B1C7AF2-7208-4D84-9BD8-93C13FE373DA}.AppStore|ARM.Build.0 = Release|ARM
		{2B1C7AF2-7208-4D84-9BD8-93C13FE373DA}.AppStore|iPhone.ActiveCfg = Release|Any CPU
		{2B1C7AF2-7208-4D84-9BD8-93C13FE373DA}.AppStore|iPhone.Build.0 = Release|Any CPU
		{2B1C7AF2-7208-4D84-9BD8-93C13FE373DA}.AppStore|iPhoneSimulator.ActiveCfg = Release|Any CPU
		{2B1C7AF2-7208-4D84-9BD8-93C13FE373DA}.AppStore|iPhoneSimulator.Build.0 = Release|Any CPU
		{2B1C7AF2-7208-4D84-9BD8-93C13FE373DA}.AppStore|Mixed Platforms.ActiveCfg = Release|x86
		{2B1C7AF2-7208-4D84-9BD8-93C13FE373DA}.AppStore|Mixed Platforms.Build.0 = Release|x86
		{2B1C7AF2-7208-4D84-9BD8-93C13FE373DA}.AppStore|Unix.ActiveCfg = Release|Any CPU
		{2B1C7AF2-7208-4D84-9BD8-93C13FE373DA}.AppStore|Unix.Build.0 = Release|Any CPU
		{2B1C7AF2-7208-4D84-9BD8-93C13FE373DA}.AppStore|x64.ActiveCfg = Release|x64
		{2B1C7AF2-7208-4D84-9BD8-93C13FE373DA}.AppStore|x64.Build.0 = Release|x64
		{2B1C7AF2-7208-4D84-9BD8-93C13FE373DA}.AppStore|x86.ActiveCfg = Release|x86
		{2B1C7AF2-7208-4D84-9BD8-93C13FE373DA}.AppStore|x86.Build.0 = Release|x86
		{2B1C7AF2-7208-4D84-9BD8-93C13FE373DA}.Debug|Any CPU.ActiveCfg = Debug|Any CPU
		{2B1C7AF2-7208-4D84-9BD8-93C13FE373DA}.Debug|Any CPU.Build.0 = Debug|Any CPU
		{2B1C7AF2-7208-4D84-9BD8-93C13FE373DA}.Debug|ARM.ActiveCfg = Debug|ARM
		{2B1C7AF2-7208-4D84-9BD8-93C13FE373DA}.Debug|ARM.Build.0 = Debug|ARM
		{2B1C7AF2-7208-4D84-9BD8-93C13FE373DA}.Debug|iPhone.ActiveCfg = Debug|Any CPU
		{2B1C7AF2-7208-4D84-9BD8-93C13FE373DA}.Debug|iPhone.Build.0 = Debug|Any CPU
		{2B1C7AF2-7208-4D84-9BD8-93C13FE373DA}.Debug|iPhoneSimulator.ActiveCfg = Debug|Any CPU
		{2B1C7AF2-7208-4D84-9BD8-93C13FE373DA}.Debug|iPhoneSimulator.Build.0 = Debug|Any CPU
		{2B1C7AF2-7208-4D84-9BD8-93C13FE373DA}.Debug|Mixed Platforms.ActiveCfg = Debug|x86
		{2B1C7AF2-7208-4D84-9BD8-93C13FE373DA}.Debug|Mixed Platforms.Build.0 = Debug|x86
		{2B1C7AF2-7208-4D84-9BD8-93C13FE373DA}.Debug|Unix.ActiveCfg = Debug|Any CPU
		{2B1C7AF2-7208-4D84-9BD8-93C13FE373DA}.Debug|Unix.Build.0 = Debug|Any CPU
		{2B1C7AF2-7208-4D84-9BD8-93C13FE373DA}.Debug|x64.ActiveCfg = Debug|x64
		{2B1C7AF2-7208-4D84-9BD8-93C13FE373DA}.Debug|x64.Build.0 = Debug|x64
		{2B1C7AF2-7208-4D84-9BD8-93C13FE373DA}.Debug|x86.ActiveCfg = Debug|x86
		{2B1C7AF2-7208-4D84-9BD8-93C13FE373DA}.Debug|x86.Build.0 = Debug|x86
		{2B1C7AF2-7208-4D84-9BD8-93C13FE373DA}.Release|Any CPU.ActiveCfg = Release|Any CPU
		{2B1C7AF2-7208-4D84-9BD8-93C13FE373DA}.Release|Any CPU.Build.0 = Release|Any CPU
		{2B1C7AF2-7208-4D84-9BD8-93C13FE373DA}.Release|ARM.ActiveCfg = Release|ARM
		{2B1C7AF2-7208-4D84-9BD8-93C13FE373DA}.Release|ARM.Build.0 = Release|ARM
		{2B1C7AF2-7208-4D84-9BD8-93C13FE373DA}.Release|iPhone.ActiveCfg = Release|Any CPU
		{2B1C7AF2-7208-4D84-9BD8-93C13FE373DA}.Release|iPhone.Build.0 = Release|Any CPU
		{2B1C7AF2-7208-4D84-9BD8-93C13FE373DA}.Release|iPhoneSimulator.ActiveCfg = Release|Any CPU
		{2B1C7AF2-7208-4D84-9BD8-93C13FE373DA}.Release|iPhoneSimulator.Build.0 = Release|Any CPU
		{2B1C7AF2-7208-4D84-9BD8-93C13FE373DA}.Release|Mixed Platforms.ActiveCfg = Release|x86
		{2B1C7AF2-7208-4D84-9BD8-93C13FE373DA}.Release|Mixed Platforms.Build.0 = Release|x86
		{2B1C7AF2-7208-4D84-9BD8-93C13FE373DA}.Release|Unix.ActiveCfg = Release|Any CPU
		{2B1C7AF2-7208-4D84-9BD8-93C13FE373DA}.Release|Unix.Build.0 = Release|Any CPU
		{2B1C7AF2-7208-4D84-9BD8-93C13FE373DA}.Release|x64.ActiveCfg = Release|x64
		{2B1C7AF2-7208-4D84-9BD8-93C13FE373DA}.Release|x64.Build.0 = Release|x64
		{2B1C7AF2-7208-4D84-9BD8-93C13FE373DA}.Release|x86.ActiveCfg = Release|x86
		{2B1C7AF2-7208-4D84-9BD8-93C13FE373DA}.Release|x86.Build.0 = Release|x86
		{600FC746-6968-489F-9471-A37A6D312812}.Ad-Hoc|Any CPU.ActiveCfg = Release|Any CPU
		{600FC746-6968-489F-9471-A37A6D312812}.Ad-Hoc|Any CPU.Build.0 = Release|Any CPU
		{600FC746-6968-489F-9471-A37A6D312812}.Ad-Hoc|ARM.ActiveCfg = Release|Any CPU
		{600FC746-6968-489F-9471-A37A6D312812}.Ad-Hoc|ARM.Build.0 = Release|Any CPU
		{600FC746-6968-489F-9471-A37A6D312812}.Ad-Hoc|iPhone.ActiveCfg = Release|Any CPU
		{600FC746-6968-489F-9471-A37A6D312812}.Ad-Hoc|iPhone.Build.0 = Release|Any CPU
		{600FC746-6968-489F-9471-A37A6D312812}.Ad-Hoc|iPhoneSimulator.ActiveCfg = Release|Any CPU
		{600FC746-6968-489F-9471-A37A6D312812}.Ad-Hoc|iPhoneSimulator.Build.0 = Release|Any CPU
		{600FC746-6968-489F-9471-A37A6D312812}.Ad-Hoc|Mixed Platforms.ActiveCfg = Release|Any CPU
		{600FC746-6968-489F-9471-A37A6D312812}.Ad-Hoc|Mixed Platforms.Build.0 = Release|Any CPU
		{600FC746-6968-489F-9471-A37A6D312812}.Ad-Hoc|Unix.ActiveCfg = Release|Any CPU
		{600FC746-6968-489F-9471-A37A6D312812}.Ad-Hoc|Unix.Build.0 = Release|Any CPU
		{600FC746-6968-489F-9471-A37A6D312812}.Ad-Hoc|x64.ActiveCfg = Release|Any CPU
		{600FC746-6968-489F-9471-A37A6D312812}.Ad-Hoc|x64.Build.0 = Release|Any CPU
		{600FC746-6968-489F-9471-A37A6D312812}.Ad-Hoc|x86.ActiveCfg = Release|Any CPU
		{600FC746-6968-489F-9471-A37A6D312812}.Ad-Hoc|x86.Build.0 = Release|Any CPU
		{600FC746-6968-489F-9471-A37A6D312812}.AppStore|Any CPU.ActiveCfg = Release|Any CPU
		{600FC746-6968-489F-9471-A37A6D312812}.AppStore|Any CPU.Build.0 = Release|Any CPU
		{600FC746-6968-489F-9471-A37A6D312812}.AppStore|ARM.ActiveCfg = Release|Any CPU
		{600FC746-6968-489F-9471-A37A6D312812}.AppStore|ARM.Build.0 = Release|Any CPU
		{600FC746-6968-489F-9471-A37A6D312812}.AppStore|iPhone.ActiveCfg = Release|Any CPU
		{600FC746-6968-489F-9471-A37A6D312812}.AppStore|iPhone.Build.0 = Release|Any CPU
		{600FC746-6968-489F-9471-A37A6D312812}.AppStore|iPhoneSimulator.ActiveCfg = Release|Any CPU
		{600FC746-6968-489F-9471-A37A6D312812}.AppStore|iPhoneSimulator.Build.0 = Release|Any CPU
		{600FC746-6968-489F-9471-A37A6D312812}.AppStore|Mixed Platforms.ActiveCfg = Release|Any CPU
		{600FC746-6968-489F-9471-A37A6D312812}.AppStore|Mixed Platforms.Build.0 = Release|Any CPU
		{600FC746-6968-489F-9471-A37A6D312812}.AppStore|Unix.ActiveCfg = Release|Any CPU
		{600FC746-6968-489F-9471-A37A6D312812}.AppStore|Unix.Build.0 = Release|Any CPU
		{600FC746-6968-489F-9471-A37A6D312812}.AppStore|x64.ActiveCfg = Release|Any CPU
		{600FC746-6968-489F-9471-A37A6D312812}.AppStore|x64.Build.0 = Release|Any CPU
		{600FC746-6968-489F-9471-A37A6D312812}.AppStore|x86.ActiveCfg = Release|Any CPU
		{600FC746-6968-489F-9471-A37A6D312812}.AppStore|x86.Build.0 = Release|Any CPU
		{600FC746-6968-489F-9471-A37A6D312812}.Debug|Any CPU.ActiveCfg = Debug|Any CPU
		{600FC746-6968-489F-9471-A37A6D312812}.Debug|Any CPU.Build.0 = Debug|Any CPU
		{600FC746-6968-489F-9471-A37A6D312812}.Debug|ARM.ActiveCfg = Debug|Any CPU
		{600FC746-6968-489F-9471-A37A6D312812}.Debug|ARM.Build.0 = Debug|Any CPU
		{600FC746-6968-489F-9471-A37A6D312812}.Debug|iPhone.ActiveCfg = Debug|Any CPU
		{600FC746-6968-489F-9471-A37A6D312812}.Debug|iPhone.Build.0 = Debug|Any CPU
		{600FC746-6968-489F-9471-A37A6D312812}.Debug|iPhoneSimulator.ActiveCfg = Debug|Any CPU
		{600FC746-6968-489F-9471-A37A6D312812}.Debug|iPhoneSimulator.Build.0 = Debug|Any CPU
		{600FC746-6968-489F-9471-A37A6D312812}.Debug|Mixed Platforms.ActiveCfg = Debug|Any CPU
		{600FC746-6968-489F-9471-A37A6D312812}.Debug|Mixed Platforms.Build.0 = Debug|Any CPU
		{600FC746-6968-489F-9471-A37A6D312812}.Debug|Unix.ActiveCfg = Debug|Any CPU
		{600FC746-6968-489F-9471-A37A6D312812}.Debug|Unix.Build.0 = Debug|Any CPU
		{600FC746-6968-489F-9471-A37A6D312812}.Debug|x64.ActiveCfg = Debug|Any CPU
		{600FC746-6968-489F-9471-A37A6D312812}.Debug|x64.Build.0 = Debug|Any CPU
		{600FC746-6968-489F-9471-A37A6D312812}.Debug|x86.ActiveCfg = Debug|Any CPU
		{600FC746-6968-489F-9471-A37A6D312812}.Debug|x86.Build.0 = Debug|Any CPU
		{600FC746-6968-489F-9471-A37A6D312812}.Release|Any CPU.ActiveCfg = Release|Any CPU
		{600FC746-6968-489F-9471-A37A6D312812}.Release|Any CPU.Build.0 = Release|Any CPU
		{600FC746-6968-489F-9471-A37A6D312812}.Release|ARM.ActiveCfg = Release|Any CPU
		{600FC746-6968-489F-9471-A37A6D312812}.Release|ARM.Build.0 = Release|Any CPU
		{600FC746-6968-489F-9471-A37A6D312812}.Release|iPhone.ActiveCfg = Release|Any CPU
		{600FC746-6968-489F-9471-A37A6D312812}.Release|iPhone.Build.0 = Release|Any CPU
		{600FC746-6968-489F-9471-A37A6D312812}.Release|iPhoneSimulator.ActiveCfg = Release|Any CPU
		{600FC746-6968-489F-9471-A37A6D312812}.Release|iPhoneSimulator.Build.0 = Release|Any CPU
		{600FC746-6968-489F-9471-A37A6D312812}.Release|Mixed Platforms.ActiveCfg = Release|Any CPU
		{600FC746-6968-489F-9471-A37A6D312812}.Release|Mixed Platforms.Build.0 = Release|Any CPU
		{600FC746-6968-489F-9471-A37A6D312812}.Release|Unix.ActiveCfg = Release|Any CPU
		{600FC746-6968-489F-9471-A37A6D312812}.Release|Unix.Build.0 = Release|Any CPU
		{600FC746-6968-489F-9471-A37A6D312812}.Release|x64.ActiveCfg = Release|Any CPU
		{600FC746-6968-489F-9471-A37A6D312812}.Release|x64.Build.0 = Release|Any CPU
		{600FC746-6968-489F-9471-A37A6D312812}.Release|x86.ActiveCfg = Release|Any CPU
		{600FC746-6968-489F-9471-A37A6D312812}.Release|x86.Build.0 = Release|Any CPU
		{3040FFCD-98E4-4C02-867C-725C93AD38E8}.Ad-Hoc|Any CPU.ActiveCfg = Release|Any CPU
		{3040FFCD-98E4-4C02-867C-725C93AD38E8}.Ad-Hoc|Any CPU.Build.0 = Release|Any CPU
		{3040FFCD-98E4-4C02-867C-725C93AD38E8}.Ad-Hoc|ARM.ActiveCfg = Release|Any CPU
		{3040FFCD-98E4-4C02-867C-725C93AD38E8}.Ad-Hoc|ARM.Build.0 = Release|Any CPU
		{3040FFCD-98E4-4C02-867C-725C93AD38E8}.Ad-Hoc|iPhone.ActiveCfg = Release|Any CPU
		{3040FFCD-98E4-4C02-867C-725C93AD38E8}.Ad-Hoc|iPhone.Build.0 = Release|Any CPU
		{3040FFCD-98E4-4C02-867C-725C93AD38E8}.Ad-Hoc|iPhoneSimulator.ActiveCfg = Release|Any CPU
		{3040FFCD-98E4-4C02-867C-725C93AD38E8}.Ad-Hoc|iPhoneSimulator.Build.0 = Release|Any CPU
		{3040FFCD-98E4-4C02-867C-725C93AD38E8}.Ad-Hoc|Mixed Platforms.ActiveCfg = Release|Any CPU
		{3040FFCD-98E4-4C02-867C-725C93AD38E8}.Ad-Hoc|Mixed Platforms.Build.0 = Release|Any CPU
		{3040FFCD-98E4-4C02-867C-725C93AD38E8}.Ad-Hoc|Unix.ActiveCfg = Release|Any CPU
		{3040FFCD-98E4-4C02-867C-725C93AD38E8}.Ad-Hoc|Unix.Build.0 = Release|Any CPU
		{3040FFCD-98E4-4C02-867C-725C93AD38E8}.Ad-Hoc|x64.ActiveCfg = Release|Any CPU
		{3040FFCD-98E4-4C02-867C-725C93AD38E8}.Ad-Hoc|x64.Build.0 = Release|Any CPU
		{3040FFCD-98E4-4C02-867C-725C93AD38E8}.Ad-Hoc|x86.ActiveCfg = Release|Any CPU
		{3040FFCD-98E4-4C02-867C-725C93AD38E8}.Ad-Hoc|x86.Build.0 = Release|Any CPU
		{3040FFCD-98E4-4C02-867C-725C93AD38E8}.AppStore|Any CPU.ActiveCfg = Release|Any CPU
		{3040FFCD-98E4-4C02-867C-725C93AD38E8}.AppStore|Any CPU.Build.0 = Release|Any CPU
		{3040FFCD-98E4-4C02-867C-725C93AD38E8}.AppStore|ARM.ActiveCfg = Release|Any CPU
		{3040FFCD-98E4-4C02-867C-725C93AD38E8}.AppStore|ARM.Build.0 = Release|Any CPU
		{3040FFCD-98E4-4C02-867C-725C93AD38E8}.AppStore|iPhone.ActiveCfg = Release|Any CPU
		{3040FFCD-98E4-4C02-867C-725C93AD38E8}.AppStore|iPhone.Build.0 = Release|Any CPU
		{3040FFCD-98E4-4C02-867C-725C93AD38E8}.AppStore|iPhoneSimulator.ActiveCfg = Release|Any CPU
		{3040FFCD-98E4-4C02-867C-725C93AD38E8}.AppStore|iPhoneSimulator.Build.0 = Release|Any CPU
		{3040FFCD-98E4-4C02-867C-725C93AD38E8}.AppStore|Mixed Platforms.ActiveCfg = Release|Any CPU
		{3040FFCD-98E4-4C02-867C-725C93AD38E8}.AppStore|Mixed Platforms.Build.0 = Release|Any CPU
		{3040FFCD-98E4-4C02-867C-725C93AD38E8}.AppStore|Unix.ActiveCfg = Release|Any CPU
		{3040FFCD-98E4-4C02-867C-725C93AD38E8}.AppStore|Unix.Build.0 = Release|Any CPU
		{3040FFCD-98E4-4C02-867C-725C93AD38E8}.AppStore|x64.ActiveCfg = Release|Any CPU
		{3040FFCD-98E4-4C02-867C-725C93AD38E8}.AppStore|x64.Build.0 = Release|Any CPU
		{3040FFCD-98E4-4C02-867C-725C93AD38E8}.AppStore|x86.ActiveCfg = Release|Any CPU
		{3040FFCD-98E4-4C02-867C-725C93AD38E8}.AppStore|x86.Build.0 = Release|Any CPU
		{3040FFCD-98E4-4C02-867C-725C93AD38E8}.Debug|Any CPU.ActiveCfg = Debug|Any CPU
		{3040FFCD-98E4-4C02-867C-725C93AD38E8}.Debug|Any CPU.Build.0 = Debug|Any CPU
		{3040FFCD-98E4-4C02-867C-725C93AD38E8}.Debug|ARM.ActiveCfg = Debug|Any CPU
		{3040FFCD-98E4-4C02-867C-725C93AD38E8}.Debug|ARM.Build.0 = Debug|Any CPU
		{3040FFCD-98E4-4C02-867C-725C93AD38E8}.Debug|iPhone.ActiveCfg = Debug|Any CPU
		{3040FFCD-98E4-4C02-867C-725C93AD38E8}.Debug|iPhone.Build.0 = Debug|Any CPU
		{3040FFCD-98E4-4C02-867C-725C93AD38E8}.Debug|iPhoneSimulator.ActiveCfg = Debug|Any CPU
		{3040FFCD-98E4-4C02-867C-725C93AD38E8}.Debug|iPhoneSimulator.Build.0 = Debug|Any CPU
		{3040FFCD-98E4-4C02-867C-725C93AD38E8}.Debug|Mixed Platforms.ActiveCfg = Debug|Any CPU
		{3040FFCD-98E4-4C02-867C-725C93AD38E8}.Debug|Mixed Platforms.Build.0 = Debug|Any CPU
		{3040FFCD-98E4-4C02-867C-725C93AD38E8}.Debug|Unix.ActiveCfg = Debug|Any CPU
		{3040FFCD-98E4-4C02-867C-725C93AD38E8}.Debug|Unix.Build.0 = Debug|Any CPU
		{3040FFCD-98E4-4C02-867C-725C93AD38E8}.Debug|x64.ActiveCfg = Debug|Any CPU
		{3040FFCD-98E4-4C02-867C-725C93AD38E8}.Debug|x64.Build.0 = Debug|Any CPU
		{3040FFCD-98E4-4C02-867C-725C93AD38E8}.Debug|x86.ActiveCfg = Debug|Any CPU
		{3040FFCD-98E4-4C02-867C-725C93AD38E8}.Debug|x86.Build.0 = Debug|Any CPU
		{3040FFCD-98E4-4C02-867C-725C93AD38E8}.Release|Any CPU.ActiveCfg = Release|Any CPU
		{3040FFCD-98E4-4C02-867C-725C93AD38E8}.Release|Any CPU.Build.0 = Release|Any CPU
		{3040FFCD-98E4-4C02-867C-725C93AD38E8}.Release|ARM.ActiveCfg = Release|Any CPU
		{3040FFCD-98E4-4C02-867C-725C93AD38E8}.Release|ARM.Build.0 = Release|Any CPU
		{3040FFCD-98E4-4C02-867C-725C93AD38E8}.Release|iPhone.ActiveCfg = Release|Any CPU
		{3040FFCD-98E4-4C02-867C-725C93AD38E8}.Release|iPhone.Build.0 = Release|Any CPU
		{3040FFCD-98E4-4C02-867C-725C93AD38E8}.Release|iPhoneSimulator.ActiveCfg = Release|Any CPU
		{3040FFCD-98E4-4C02-867C-725C93AD38E8}.Release|iPhoneSimulator.Build.0 = Release|Any CPU
		{3040FFCD-98E4-4C02-867C-725C93AD38E8}.Release|Mixed Platforms.ActiveCfg = Release|Any CPU
		{3040FFCD-98E4-4C02-867C-725C93AD38E8}.Release|Mixed Platforms.Build.0 = Release|Any CPU
		{3040FFCD-98E4-4C02-867C-725C93AD38E8}.Release|Unix.ActiveCfg = Release|Any CPU
		{3040FFCD-98E4-4C02-867C-725C93AD38E8}.Release|Unix.Build.0 = Release|Any CPU
		{3040FFCD-98E4-4C02-867C-725C93AD38E8}.Release|x64.ActiveCfg = Release|Any CPU
		{3040FFCD-98E4-4C02-867C-725C93AD38E8}.Release|x64.Build.0 = Release|Any CPU
		{3040FFCD-98E4-4C02-867C-725C93AD38E8}.Release|x86.ActiveCfg = Release|Any CPU
		{3040FFCD-98E4-4C02-867C-725C93AD38E8}.Release|x86.Build.0 = Release|Any CPU
		{15ACA206-DC79-429C-A4A5-D947D62481B5}.Ad-Hoc|Any CPU.ActiveCfg = Release|Any CPU
		{15ACA206-DC79-429C-A4A5-D947D62481B5}.Ad-Hoc|Any CPU.Build.0 = Release|Any CPU
		{15ACA206-DC79-429C-A4A5-D947D62481B5}.Ad-Hoc|ARM.ActiveCfg = Release|Any CPU
		{15ACA206-DC79-429C-A4A5-D947D62481B5}.Ad-Hoc|ARM.Build.0 = Release|Any CPU
		{15ACA206-DC79-429C-A4A5-D947D62481B5}.Ad-Hoc|iPhone.ActiveCfg = Release|Any CPU
		{15ACA206-DC79-429C-A4A5-D947D62481B5}.Ad-Hoc|iPhone.Build.0 = Release|Any CPU
		{15ACA206-DC79-429C-A4A5-D947D62481B5}.Ad-Hoc|iPhoneSimulator.ActiveCfg = Release|Any CPU
		{15ACA206-DC79-429C-A4A5-D947D62481B5}.Ad-Hoc|iPhoneSimulator.Build.0 = Release|Any CPU
		{15ACA206-DC79-429C-A4A5-D947D62481B5}.Ad-Hoc|Mixed Platforms.ActiveCfg = Release|Any CPU
		{15ACA206-DC79-429C-A4A5-D947D62481B5}.Ad-Hoc|Mixed Platforms.Build.0 = Release|Any CPU
		{15ACA206-DC79-429C-A4A5-D947D62481B5}.Ad-Hoc|Unix.ActiveCfg = Release|Any CPU
		{15ACA206-DC79-429C-A4A5-D947D62481B5}.Ad-Hoc|Unix.Build.0 = Release|Any CPU
		{15ACA206-DC79-429C-A4A5-D947D62481B5}.Ad-Hoc|x64.ActiveCfg = Release|Any CPU
		{15ACA206-DC79-429C-A4A5-D947D62481B5}.Ad-Hoc|x64.Build.0 = Release|Any CPU
		{15ACA206-DC79-429C-A4A5-D947D62481B5}.Ad-Hoc|x86.ActiveCfg = Release|Any CPU
		{15ACA206-DC79-429C-A4A5-D947D62481B5}.Ad-Hoc|x86.Build.0 = Release|Any CPU
		{15ACA206-DC79-429C-A4A5-D947D62481B5}.AppStore|Any CPU.ActiveCfg = Release|Any CPU
		{15ACA206-DC79-429C-A4A5-D947D62481B5}.AppStore|Any CPU.Build.0 = Release|Any CPU
		{15ACA206-DC79-429C-A4A5-D947D62481B5}.AppStore|ARM.ActiveCfg = Release|Any CPU
		{15ACA206-DC79-429C-A4A5-D947D62481B5}.AppStore|ARM.Build.0 = Release|Any CPU
		{15ACA206-DC79-429C-A4A5-D947D62481B5}.AppStore|iPhone.ActiveCfg = Release|Any CPU
		{15ACA206-DC79-429C-A4A5-D947D62481B5}.AppStore|iPhone.Build.0 = Release|Any CPU
		{15ACA206-DC79-429C-A4A5-D947D62481B5}.AppStore|iPhoneSimulator.ActiveCfg = Release|Any CPU
		{15ACA206-DC79-429C-A4A5-D947D62481B5}.AppStore|iPhoneSimulator.Build.0 = Release|Any CPU
		{15ACA206-DC79-429C-A4A5-D947D62481B5}.AppStore|Mixed Platforms.ActiveCfg = Release|Any CPU
		{15ACA206-DC79-429C-A4A5-D947D62481B5}.AppStore|Mixed Platforms.Build.0 = Release|Any CPU
		{15ACA206-DC79-429C-A4A5-D947D62481B5}.AppStore|Unix.ActiveCfg = Release|Any CPU
		{15ACA206-DC79-429C-A4A5-D947D62481B5}.AppStore|Unix.Build.0 = Release|Any CPU
		{15ACA206-DC79-429C-A4A5-D947D62481B5}.AppStore|x64.ActiveCfg = Release|Any CPU
		{15ACA206-DC79-429C-A4A5-D947D62481B5}.AppStore|x64.Build.0 = Release|Any CPU
		{15ACA206-DC79-429C-A4A5-D947D62481B5}.AppStore|x86.ActiveCfg = Release|Any CPU
		{15ACA206-DC79-429C-A4A5-D947D62481B5}.AppStore|x86.Build.0 = Release|Any CPU
		{15ACA206-DC79-429C-A4A5-D947D62481B5}.Debug|Any CPU.ActiveCfg = Debug|Any CPU
		{15ACA206-DC79-429C-A4A5-D947D62481B5}.Debug|Any CPU.Build.0 = Debug|Any CPU
		{15ACA206-DC79-429C-A4A5-D947D62481B5}.Debug|ARM.ActiveCfg = Debug|Any CPU
		{15ACA206-DC79-429C-A4A5-D947D62481B5}.Debug|ARM.Build.0 = Debug|Any CPU
		{15ACA206-DC79-429C-A4A5-D947D62481B5}.Debug|iPhone.ActiveCfg = Debug|Any CPU
		{15ACA206-DC79-429C-A4A5-D947D62481B5}.Debug|iPhone.Build.0 = Debug|Any CPU
		{15ACA206-DC79-429C-A4A5-D947D62481B5}.Debug|iPhoneSimulator.ActiveCfg = Debug|Any CPU
		{15ACA206-DC79-429C-A4A5-D947D62481B5}.Debug|iPhoneSimulator.Build.0 = Debug|Any CPU
		{15ACA206-DC79-429C-A4A5-D947D62481B5}.Debug|Mixed Platforms.ActiveCfg = Debug|Any CPU
		{15ACA206-DC79-429C-A4A5-D947D62481B5}.Debug|Mixed Platforms.Build.0 = Debug|Any CPU
		{15ACA206-DC79-429C-A4A5-D947D62481B5}.Debug|Unix.ActiveCfg = Debug|Any CPU
		{15ACA206-DC79-429C-A4A5-D947D62481B5}.Debug|Unix.Build.0 = Debug|Any CPU
		{15ACA206-DC79-429C-A4A5-D947D62481B5}.Debug|x64.ActiveCfg = Debug|Any CPU
		{15ACA206-DC79-429C-A4A5-D947D62481B5}.Debug|x64.Build.0 = Debug|Any CPU
		{15ACA206-DC79-429C-A4A5-D947D62481B5}.Debug|x86.ActiveCfg = Debug|Any CPU
		{15ACA206-DC79-429C-A4A5-D947D62481B5}.Debug|x86.Build.0 = Debug|Any CPU
		{15ACA206-DC79-429C-A4A5-D947D62481B5}.Release|Any CPU.ActiveCfg = Release|Any CPU
		{15ACA206-DC79-429C-A4A5-D947D62481B5}.Release|Any CPU.Build.0 = Release|Any CPU
		{15ACA206-DC79-429C-A4A5-D947D62481B5}.Release|ARM.ActiveCfg = Release|Any CPU
		{15ACA206-DC79-429C-A4A5-D947D62481B5}.Release|ARM.Build.0 = Release|Any CPU
		{15ACA206-DC79-429C-A4A5-D947D62481B5}.Release|iPhone.ActiveCfg = Release|Any CPU
		{15ACA206-DC79-429C-A4A5-D947D62481B5}.Release|iPhone.Build.0 = Release|Any CPU
		{15ACA206-DC79-429C-A4A5-D947D62481B5}.Release|iPhoneSimulator.ActiveCfg = Release|Any CPU
		{15ACA206-DC79-429C-A4A5-D947D62481B5}.Release|iPhoneSimulator.Build.0 = Release|Any CPU
		{15ACA206-DC79-429C-A4A5-D947D62481B5}.Release|Mixed Platforms.ActiveCfg = Release|Any CPU
		{15ACA206-DC79-429C-A4A5-D947D62481B5}.Release|Mixed Platforms.Build.0 = Release|Any CPU
		{15ACA206-DC79-429C-A4A5-D947D62481B5}.Release|Unix.ActiveCfg = Release|Any CPU
		{15ACA206-DC79-429C-A4A5-D947D62481B5}.Release|Unix.Build.0 = Release|Any CPU
		{15ACA206-DC79-429C-A4A5-D947D62481B5}.Release|x64.ActiveCfg = Release|Any CPU
		{15ACA206-DC79-429C-A4A5-D947D62481B5}.Release|x64.Build.0 = Release|Any CPU
		{15ACA206-DC79-429C-A4A5-D947D62481B5}.Release|x86.ActiveCfg = Release|Any CPU
		{15ACA206-DC79-429C-A4A5-D947D62481B5}.Release|x86.Build.0 = Release|Any CPU
		{41637575-DF70-48B4-A99C-46299A7D2E8F}.Ad-Hoc|Any CPU.ActiveCfg = Release|Any CPU
		{41637575-DF70-48B4-A99C-46299A7D2E8F}.Ad-Hoc|Any CPU.Build.0 = Release|Any CPU
		{41637575-DF70-48B4-A99C-46299A7D2E8F}.Ad-Hoc|ARM.ActiveCfg = Release|Any CPU
		{41637575-DF70-48B4-A99C-46299A7D2E8F}.Ad-Hoc|ARM.Build.0 = Release|Any CPU
		{41637575-DF70-48B4-A99C-46299A7D2E8F}.Ad-Hoc|iPhone.ActiveCfg = Release|Any CPU
		{41637575-DF70-48B4-A99C-46299A7D2E8F}.Ad-Hoc|iPhone.Build.0 = Release|Any CPU
		{41637575-DF70-48B4-A99C-46299A7D2E8F}.Ad-Hoc|iPhoneSimulator.ActiveCfg = Release|Any CPU
		{41637575-DF70-48B4-A99C-46299A7D2E8F}.Ad-Hoc|iPhoneSimulator.Build.0 = Release|Any CPU
		{41637575-DF70-48B4-A99C-46299A7D2E8F}.Ad-Hoc|Mixed Platforms.ActiveCfg = Release|Any CPU
		{41637575-DF70-48B4-A99C-46299A7D2E8F}.Ad-Hoc|Mixed Platforms.Build.0 = Release|Any CPU
		{41637575-DF70-48B4-A99C-46299A7D2E8F}.Ad-Hoc|Unix.ActiveCfg = Release|Any CPU
		{41637575-DF70-48B4-A99C-46299A7D2E8F}.Ad-Hoc|Unix.Build.0 = Release|Any CPU
		{41637575-DF70-48B4-A99C-46299A7D2E8F}.Ad-Hoc|x64.ActiveCfg = Release|Any CPU
		{41637575-DF70-48B4-A99C-46299A7D2E8F}.Ad-Hoc|x64.Build.0 = Release|Any CPU
		{41637575-DF70-48B4-A99C-46299A7D2E8F}.Ad-Hoc|x86.ActiveCfg = Release|Any CPU
		{41637575-DF70-48B4-A99C-46299A7D2E8F}.Ad-Hoc|x86.Build.0 = Release|Any CPU
		{41637575-DF70-48B4-A99C-46299A7D2E8F}.AppStore|Any CPU.ActiveCfg = Release|Any CPU
		{41637575-DF70-48B4-A99C-46299A7D2E8F}.AppStore|Any CPU.Build.0 = Release|Any CPU
		{41637575-DF70-48B4-A99C-46299A7D2E8F}.AppStore|ARM.ActiveCfg = Release|Any CPU
		{41637575-DF70-48B4-A99C-46299A7D2E8F}.AppStore|ARM.Build.0 = Release|Any CPU
		{41637575-DF70-48B4-A99C-46299A7D2E8F}.AppStore|iPhone.ActiveCfg = Release|Any CPU
		{41637575-DF70-48B4-A99C-46299A7D2E8F}.AppStore|iPhone.Build.0 = Release|Any CPU
		{41637575-DF70-48B4-A99C-46299A7D2E8F}.AppStore|iPhoneSimulator.ActiveCfg = Release|Any CPU
		{41637575-DF70-48B4-A99C-46299A7D2E8F}.AppStore|iPhoneSimulator.Build.0 = Release|Any CPU
		{41637575-DF70-48B4-A99C-46299A7D2E8F}.AppStore|Mixed Platforms.ActiveCfg = Release|Any CPU
		{41637575-DF70-48B4-A99C-46299A7D2E8F}.AppStore|Mixed Platforms.Build.0 = Release|Any CPU
		{41637575-DF70-48B4-A99C-46299A7D2E8F}.AppStore|Unix.ActiveCfg = Release|Any CPU
		{41637575-DF70-48B4-A99C-46299A7D2E8F}.AppStore|Unix.Build.0 = Release|Any CPU
		{41637575-DF70-48B4-A99C-46299A7D2E8F}.AppStore|x64.ActiveCfg = Release|Any CPU
		{41637575-DF70-48B4-A99C-46299A7D2E8F}.AppStore|x64.Build.0 = Release|Any CPU
		{41637575-DF70-48B4-A99C-46299A7D2E8F}.AppStore|x86.ActiveCfg = Release|Any CPU
		{41637575-DF70-48B4-A99C-46299A7D2E8F}.AppStore|x86.Build.0 = Release|Any CPU
		{41637575-DF70-48B4-A99C-46299A7D2E8F}.Debug|Any CPU.ActiveCfg = Debug|Any CPU
		{41637575-DF70-48B4-A99C-46299A7D2E8F}.Debug|Any CPU.Build.0 = Debug|Any CPU
		{41637575-DF70-48B4-A99C-46299A7D2E8F}.Debug|ARM.ActiveCfg = Debug|Any CPU
		{41637575-DF70-48B4-A99C-46299A7D2E8F}.Debug|ARM.Build.0 = Debug|Any CPU
		{41637575-DF70-48B4-A99C-46299A7D2E8F}.Debug|iPhone.ActiveCfg = Debug|Any CPU
		{41637575-DF70-48B4-A99C-46299A7D2E8F}.Debug|iPhone.Build.0 = Debug|Any CPU
		{41637575-DF70-48B4-A99C-46299A7D2E8F}.Debug|iPhoneSimulator.ActiveCfg = Debug|Any CPU
		{41637575-DF70-48B4-A99C-46299A7D2E8F}.Debug|iPhoneSimulator.Build.0 = Debug|Any CPU
		{41637575-DF70-48B4-A99C-46299A7D2E8F}.Debug|Mixed Platforms.ActiveCfg = Debug|Any CPU
		{41637575-DF70-48B4-A99C-46299A7D2E8F}.Debug|Mixed Platforms.Build.0 = Debug|Any CPU
		{41637575-DF70-48B4-A99C-46299A7D2E8F}.Debug|Unix.ActiveCfg = Debug|Any CPU
		{41637575-DF70-48B4-A99C-46299A7D2E8F}.Debug|Unix.Build.0 = Debug|Any CPU
		{41637575-DF70-48B4-A99C-46299A7D2E8F}.Debug|x64.ActiveCfg = Debug|Any CPU
		{41637575-DF70-48B4-A99C-46299A7D2E8F}.Debug|x64.Build.0 = Debug|Any CPU
		{41637575-DF70-48B4-A99C-46299A7D2E8F}.Debug|x86.ActiveCfg = Debug|Any CPU
		{41637575-DF70-48B4-A99C-46299A7D2E8F}.Debug|x86.Build.0 = Debug|Any CPU
		{41637575-DF70-48B4-A99C-46299A7D2E8F}.Release|Any CPU.ActiveCfg = Release|Any CPU
		{41637575-DF70-48B4-A99C-46299A7D2E8F}.Release|Any CPU.Build.0 = Release|Any CPU
		{41637575-DF70-48B4-A99C-46299A7D2E8F}.Release|ARM.ActiveCfg = Release|Any CPU
		{41637575-DF70-48B4-A99C-46299A7D2E8F}.Release|ARM.Build.0 = Release|Any CPU
		{41637575-DF70-48B4-A99C-46299A7D2E8F}.Release|iPhone.ActiveCfg = Release|Any CPU
		{41637575-DF70-48B4-A99C-46299A7D2E8F}.Release|iPhone.Build.0 = Release|Any CPU
		{41637575-DF70-48B4-A99C-46299A7D2E8F}.Release|iPhoneSimulator.ActiveCfg = Release|Any CPU
		{41637575-DF70-48B4-A99C-46299A7D2E8F}.Release|iPhoneSimulator.Build.0 = Release|Any CPU
		{41637575-DF70-48B4-A99C-46299A7D2E8F}.Release|Mixed Platforms.ActiveCfg = Release|Any CPU
		{41637575-DF70-48B4-A99C-46299A7D2E8F}.Release|Mixed Platforms.Build.0 = Release|Any CPU
		{41637575-DF70-48B4-A99C-46299A7D2E8F}.Release|Unix.ActiveCfg = Release|Any CPU
		{41637575-DF70-48B4-A99C-46299A7D2E8F}.Release|Unix.Build.0 = Release|Any CPU
		{41637575-DF70-48B4-A99C-46299A7D2E8F}.Release|x64.ActiveCfg = Release|Any CPU
		{41637575-DF70-48B4-A99C-46299A7D2E8F}.Release|x64.Build.0 = Release|Any CPU
		{41637575-DF70-48B4-A99C-46299A7D2E8F}.Release|x86.ActiveCfg = Release|Any CPU
		{41637575-DF70-48B4-A99C-46299A7D2E8F}.Release|x86.Build.0 = Release|Any CPU
		{A163AB36-0E37-44BA-9125-63D2D27CE894}.Ad-Hoc|Any CPU.ActiveCfg = Debug|Any CPU
		{A163AB36-0E37-44BA-9125-63D2D27CE894}.Ad-Hoc|Any CPU.Build.0 = Debug|Any CPU
		{A163AB36-0E37-44BA-9125-63D2D27CE894}.Ad-Hoc|ARM.ActiveCfg = Debug|Any CPU
		{A163AB36-0E37-44BA-9125-63D2D27CE894}.Ad-Hoc|ARM.Build.0 = Debug|Any CPU
		{A163AB36-0E37-44BA-9125-63D2D27CE894}.Ad-Hoc|iPhone.ActiveCfg = Debug|Any CPU
		{A163AB36-0E37-44BA-9125-63D2D27CE894}.Ad-Hoc|iPhone.Build.0 = Debug|Any CPU
		{A163AB36-0E37-44BA-9125-63D2D27CE894}.Ad-Hoc|iPhoneSimulator.ActiveCfg = Debug|Any CPU
		{A163AB36-0E37-44BA-9125-63D2D27CE894}.Ad-Hoc|iPhoneSimulator.Build.0 = Debug|Any CPU
		{A163AB36-0E37-44BA-9125-63D2D27CE894}.Ad-Hoc|Mixed Platforms.ActiveCfg = Debug|Any CPU
		{A163AB36-0E37-44BA-9125-63D2D27CE894}.Ad-Hoc|Mixed Platforms.Build.0 = Debug|Any CPU
		{A163AB36-0E37-44BA-9125-63D2D27CE894}.Ad-Hoc|Unix.ActiveCfg = Debug|Any CPU
		{A163AB36-0E37-44BA-9125-63D2D27CE894}.Ad-Hoc|Unix.Build.0 = Debug|Any CPU
		{A163AB36-0E37-44BA-9125-63D2D27CE894}.Ad-Hoc|x64.ActiveCfg = Debug|Any CPU
		{A163AB36-0E37-44BA-9125-63D2D27CE894}.Ad-Hoc|x64.Build.0 = Debug|Any CPU
		{A163AB36-0E37-44BA-9125-63D2D27CE894}.Ad-Hoc|x86.ActiveCfg = Debug|Any CPU
		{A163AB36-0E37-44BA-9125-63D2D27CE894}.Ad-Hoc|x86.Build.0 = Debug|Any CPU
		{A163AB36-0E37-44BA-9125-63D2D27CE894}.AppStore|Any CPU.ActiveCfg = Debug|Any CPU
		{A163AB36-0E37-44BA-9125-63D2D27CE894}.AppStore|Any CPU.Build.0 = Debug|Any CPU
		{A163AB36-0E37-44BA-9125-63D2D27CE894}.AppStore|ARM.ActiveCfg = Debug|Any CPU
		{A163AB36-0E37-44BA-9125-63D2D27CE894}.AppStore|ARM.Build.0 = Debug|Any CPU
		{A163AB36-0E37-44BA-9125-63D2D27CE894}.AppStore|iPhone.ActiveCfg = Debug|Any CPU
		{A163AB36-0E37-44BA-9125-63D2D27CE894}.AppStore|iPhone.Build.0 = Debug|Any CPU
		{A163AB36-0E37-44BA-9125-63D2D27CE894}.AppStore|iPhoneSimulator.ActiveCfg = Debug|Any CPU
		{A163AB36-0E37-44BA-9125-63D2D27CE894}.AppStore|iPhoneSimulator.Build.0 = Debug|Any CPU
		{A163AB36-0E37-44BA-9125-63D2D27CE894}.AppStore|Mixed Platforms.ActiveCfg = Debug|Any CPU
		{A163AB36-0E37-44BA-9125-63D2D27CE894}.AppStore|Mixed Platforms.Build.0 = Debug|Any CPU
		{A163AB36-0E37-44BA-9125-63D2D27CE894}.AppStore|Unix.ActiveCfg = Debug|Any CPU
		{A163AB36-0E37-44BA-9125-63D2D27CE894}.AppStore|Unix.Build.0 = Debug|Any CPU
		{A163AB36-0E37-44BA-9125-63D2D27CE894}.AppStore|x64.ActiveCfg = Debug|Any CPU
		{A163AB36-0E37-44BA-9125-63D2D27CE894}.AppStore|x64.Build.0 = Debug|Any CPU
		{A163AB36-0E37-44BA-9125-63D2D27CE894}.AppStore|x86.ActiveCfg = Debug|Any CPU
		{A163AB36-0E37-44BA-9125-63D2D27CE894}.AppStore|x86.Build.0 = Debug|Any CPU
		{A163AB36-0E37-44BA-9125-63D2D27CE894}.Debug|Any CPU.ActiveCfg = Debug|Any CPU
		{A163AB36-0E37-44BA-9125-63D2D27CE894}.Debug|Any CPU.Build.0 = Debug|Any CPU
		{A163AB36-0E37-44BA-9125-63D2D27CE894}.Debug|ARM.ActiveCfg = Debug|Any CPU
		{A163AB36-0E37-44BA-9125-63D2D27CE894}.Debug|ARM.Build.0 = Debug|Any CPU
		{A163AB36-0E37-44BA-9125-63D2D27CE894}.Debug|iPhone.ActiveCfg = Debug|Any CPU
		{A163AB36-0E37-44BA-9125-63D2D27CE894}.Debug|iPhone.Build.0 = Debug|Any CPU
		{A163AB36-0E37-44BA-9125-63D2D27CE894}.Debug|iPhoneSimulator.ActiveCfg = Debug|Any CPU
		{A163AB36-0E37-44BA-9125-63D2D27CE894}.Debug|iPhoneSimulator.Build.0 = Debug|Any CPU
		{A163AB36-0E37-44BA-9125-63D2D27CE894}.Debug|Mixed Platforms.ActiveCfg = Debug|Any CPU
		{A163AB36-0E37-44BA-9125-63D2D27CE894}.Debug|Mixed Platforms.Build.0 = Debug|Any CPU
		{A163AB36-0E37-44BA-9125-63D2D27CE894}.Debug|Unix.ActiveCfg = Debug|Any CPU
		{A163AB36-0E37-44BA-9125-63D2D27CE894}.Debug|Unix.Build.0 = Debug|Any CPU
		{A163AB36-0E37-44BA-9125-63D2D27CE894}.Debug|x64.ActiveCfg = Debug|Any CPU
		{A163AB36-0E37-44BA-9125-63D2D27CE894}.Debug|x64.Build.0 = Debug|Any CPU
		{A163AB36-0E37-44BA-9125-63D2D27CE894}.Debug|x86.ActiveCfg = Debug|Any CPU
		{A163AB36-0E37-44BA-9125-63D2D27CE894}.Debug|x86.Build.0 = Debug|Any CPU
		{A163AB36-0E37-44BA-9125-63D2D27CE894}.Release|Any CPU.ActiveCfg = Release|Any CPU
		{A163AB36-0E37-44BA-9125-63D2D27CE894}.Release|Any CPU.Build.0 = Release|Any CPU
		{A163AB36-0E37-44BA-9125-63D2D27CE894}.Release|ARM.ActiveCfg = Release|Any CPU
		{A163AB36-0E37-44BA-9125-63D2D27CE894}.Release|ARM.Build.0 = Release|Any CPU
		{A163AB36-0E37-44BA-9125-63D2D27CE894}.Release|iPhone.ActiveCfg = Release|Any CPU
		{A163AB36-0E37-44BA-9125-63D2D27CE894}.Release|iPhone.Build.0 = Release|Any CPU
		{A163AB36-0E37-44BA-9125-63D2D27CE894}.Release|iPhoneSimulator.ActiveCfg = Release|Any CPU
		{A163AB36-0E37-44BA-9125-63D2D27CE894}.Release|iPhoneSimulator.Build.0 = Release|Any CPU
		{A163AB36-0E37-44BA-9125-63D2D27CE894}.Release|Mixed Platforms.ActiveCfg = Release|Any CPU
		{A163AB36-0E37-44BA-9125-63D2D27CE894}.Release|Mixed Platforms.Build.0 = Release|Any CPU
		{A163AB36-0E37-44BA-9125-63D2D27CE894}.Release|Unix.ActiveCfg = Release|Any CPU
		{A163AB36-0E37-44BA-9125-63D2D27CE894}.Release|Unix.Build.0 = Release|Any CPU
		{A163AB36-0E37-44BA-9125-63D2D27CE894}.Release|x64.ActiveCfg = Release|Any CPU
		{A163AB36-0E37-44BA-9125-63D2D27CE894}.Release|x64.Build.0 = Release|Any CPU
		{A163AB36-0E37-44BA-9125-63D2D27CE894}.Release|x86.ActiveCfg = Release|Any CPU
		{A163AB36-0E37-44BA-9125-63D2D27CE894}.Release|x86.Build.0 = Release|Any CPU
		{ACD50DCF-B031-4686-BB75-B5A1F354C7EB}.Ad-Hoc|Any CPU.ActiveCfg = Release|Any CPU
		{ACD50DCF-B031-4686-BB75-B5A1F354C7EB}.Ad-Hoc|Any CPU.Build.0 = Release|Any CPU
		{ACD50DCF-B031-4686-BB75-B5A1F354C7EB}.Ad-Hoc|ARM.ActiveCfg = Release|ARM
		{ACD50DCF-B031-4686-BB75-B5A1F354C7EB}.Ad-Hoc|ARM.Build.0 = Release|ARM
		{ACD50DCF-B031-4686-BB75-B5A1F354C7EB}.Ad-Hoc|iPhone.ActiveCfg = Release|Any CPU
		{ACD50DCF-B031-4686-BB75-B5A1F354C7EB}.Ad-Hoc|iPhone.Build.0 = Release|Any CPU
		{ACD50DCF-B031-4686-BB75-B5A1F354C7EB}.Ad-Hoc|iPhoneSimulator.ActiveCfg = Release|Any CPU
		{ACD50DCF-B031-4686-BB75-B5A1F354C7EB}.Ad-Hoc|iPhoneSimulator.Build.0 = Release|Any CPU
		{ACD50DCF-B031-4686-BB75-B5A1F354C7EB}.Ad-Hoc|Mixed Platforms.ActiveCfg = Release|x86
		{ACD50DCF-B031-4686-BB75-B5A1F354C7EB}.Ad-Hoc|Mixed Platforms.Build.0 = Release|x86
		{ACD50DCF-B031-4686-BB75-B5A1F354C7EB}.Ad-Hoc|Unix.ActiveCfg = Release|Any CPU
		{ACD50DCF-B031-4686-BB75-B5A1F354C7EB}.Ad-Hoc|Unix.Build.0 = Release|Any CPU
		{ACD50DCF-B031-4686-BB75-B5A1F354C7EB}.Ad-Hoc|x64.ActiveCfg = Release|x64
		{ACD50DCF-B031-4686-BB75-B5A1F354C7EB}.Ad-Hoc|x64.Build.0 = Release|x64
		{ACD50DCF-B031-4686-BB75-B5A1F354C7EB}.Ad-Hoc|x86.ActiveCfg = Release|x86
		{ACD50DCF-B031-4686-BB75-B5A1F354C7EB}.Ad-Hoc|x86.Build.0 = Release|x86
		{ACD50DCF-B031-4686-BB75-B5A1F354C7EB}.AppStore|Any CPU.ActiveCfg = Release|Any CPU
		{ACD50DCF-B031-4686-BB75-B5A1F354C7EB}.AppStore|Any CPU.Build.0 = Release|Any CPU
		{ACD50DCF-B031-4686-BB75-B5A1F354C7EB}.AppStore|ARM.ActiveCfg = Release|ARM
		{ACD50DCF-B031-4686-BB75-B5A1F354C7EB}.AppStore|ARM.Build.0 = Release|ARM
		{ACD50DCF-B031-4686-BB75-B5A1F354C7EB}.AppStore|iPhone.ActiveCfg = Release|Any CPU
		{ACD50DCF-B031-4686-BB75-B5A1F354C7EB}.AppStore|iPhone.Build.0 = Release|Any CPU
		{ACD50DCF-B031-4686-BB75-B5A1F354C7EB}.AppStore|iPhoneSimulator.ActiveCfg = Release|Any CPU
		{ACD50DCF-B031-4686-BB75-B5A1F354C7EB}.AppStore|iPhoneSimulator.Build.0 = Release|Any CPU
		{ACD50DCF-B031-4686-BB75-B5A1F354C7EB}.AppStore|Mixed Platforms.ActiveCfg = Release|x86
		{ACD50DCF-B031-4686-BB75-B5A1F354C7EB}.AppStore|Mixed Platforms.Build.0 = Release|x86
		{ACD50DCF-B031-4686-BB75-B5A1F354C7EB}.AppStore|Unix.ActiveCfg = Release|Any CPU
		{ACD50DCF-B031-4686-BB75-B5A1F354C7EB}.AppStore|Unix.Build.0 = Release|Any CPU
		{ACD50DCF-B031-4686-BB75-B5A1F354C7EB}.AppStore|x64.ActiveCfg = Release|x64
		{ACD50DCF-B031-4686-BB75-B5A1F354C7EB}.AppStore|x64.Build.0 = Release|x64
		{ACD50DCF-B031-4686-BB75-B5A1F354C7EB}.AppStore|x86.ActiveCfg = Release|x86
		{ACD50DCF-B031-4686-BB75-B5A1F354C7EB}.AppStore|x86.Build.0 = Release|x86
		{ACD50DCF-B031-4686-BB75-B5A1F354C7EB}.Debug|Any CPU.ActiveCfg = Debug|Any CPU
		{ACD50DCF-B031-4686-BB75-B5A1F354C7EB}.Debug|Any CPU.Build.0 = Debug|Any CPU
		{ACD50DCF-B031-4686-BB75-B5A1F354C7EB}.Debug|ARM.ActiveCfg = Debug|ARM
		{ACD50DCF-B031-4686-BB75-B5A1F354C7EB}.Debug|ARM.Build.0 = Debug|ARM
		{ACD50DCF-B031-4686-BB75-B5A1F354C7EB}.Debug|iPhone.ActiveCfg = Debug|Any CPU
		{ACD50DCF-B031-4686-BB75-B5A1F354C7EB}.Debug|iPhone.Build.0 = Debug|Any CPU
		{ACD50DCF-B031-4686-BB75-B5A1F354C7EB}.Debug|iPhoneSimulator.ActiveCfg = Debug|Any CPU
		{ACD50DCF-B031-4686-BB75-B5A1F354C7EB}.Debug|iPhoneSimulator.Build.0 = Debug|Any CPU
		{ACD50DCF-B031-4686-BB75-B5A1F354C7EB}.Debug|Mixed Platforms.ActiveCfg = Debug|x86
		{ACD50DCF-B031-4686-BB75-B5A1F354C7EB}.Debug|Mixed Platforms.Build.0 = Debug|x86
		{ACD50DCF-B031-4686-BB75-B5A1F354C7EB}.Debug|Unix.ActiveCfg = Debug|Any CPU
		{ACD50DCF-B031-4686-BB75-B5A1F354C7EB}.Debug|Unix.Build.0 = Debug|Any CPU
		{ACD50DCF-B031-4686-BB75-B5A1F354C7EB}.Debug|x64.ActiveCfg = Debug|x64
		{ACD50DCF-B031-4686-BB75-B5A1F354C7EB}.Debug|x64.Build.0 = Debug|x64
		{ACD50DCF-B031-4686-BB75-B5A1F354C7EB}.Debug|x86.ActiveCfg = Debug|x86
		{ACD50DCF-B031-4686-BB75-B5A1F354C7EB}.Debug|x86.Build.0 = Debug|x86
		{ACD50DCF-B031-4686-BB75-B5A1F354C7EB}.Release|Any CPU.ActiveCfg = Release|Any CPU
		{ACD50DCF-B031-4686-BB75-B5A1F354C7EB}.Release|Any CPU.Build.0 = Release|Any CPU
		{ACD50DCF-B031-4686-BB75-B5A1F354C7EB}.Release|ARM.ActiveCfg = Release|ARM
		{ACD50DCF-B031-4686-BB75-B5A1F354C7EB}.Release|ARM.Build.0 = Release|ARM
		{ACD50DCF-B031-4686-BB75-B5A1F354C7EB}.Release|iPhone.ActiveCfg = Release|Any CPU
		{ACD50DCF-B031-4686-BB75-B5A1F354C7EB}.Release|iPhone.Build.0 = Release|Any CPU
		{ACD50DCF-B031-4686-BB75-B5A1F354C7EB}.Release|iPhoneSimulator.ActiveCfg = Release|Any CPU
		{ACD50DCF-B031-4686-BB75-B5A1F354C7EB}.Release|iPhoneSimulator.Build.0 = Release|Any CPU
		{ACD50DCF-B031-4686-BB75-B5A1F354C7EB}.Release|Mixed Platforms.ActiveCfg = Release|x86
		{ACD50DCF-B031-4686-BB75-B5A1F354C7EB}.Release|Mixed Platforms.Build.0 = Release|x86
		{ACD50DCF-B031-4686-BB75-B5A1F354C7EB}.Release|Unix.ActiveCfg = Release|Any CPU
		{ACD50DCF-B031-4686-BB75-B5A1F354C7EB}.Release|Unix.Build.0 = Release|Any CPU
		{ACD50DCF-B031-4686-BB75-B5A1F354C7EB}.Release|x64.ActiveCfg = Release|x64
		{ACD50DCF-B031-4686-BB75-B5A1F354C7EB}.Release|x64.Build.0 = Release|x64
		{ACD50DCF-B031-4686-BB75-B5A1F354C7EB}.Release|x86.ActiveCfg = Release|x86
		{ACD50DCF-B031-4686-BB75-B5A1F354C7EB}.Release|x86.Build.0 = Release|x86
		{19DC0BB0-19F4-4E2D-80B7-FAE77A7C9B36}.Ad-Hoc|Any CPU.ActiveCfg = Release|Any CPU
		{19DC0BB0-19F4-4E2D-80B7-FAE77A7C9B36}.Ad-Hoc|Any CPU.Build.0 = Release|Any CPU
		{19DC0BB0-19F4-4E2D-80B7-FAE77A7C9B36}.Ad-Hoc|Any CPU.Deploy.0 = Release|Any CPU
		{19DC0BB0-19F4-4E2D-80B7-FAE77A7C9B36}.Ad-Hoc|ARM.ActiveCfg = Release|Any CPU
		{19DC0BB0-19F4-4E2D-80B7-FAE77A7C9B36}.Ad-Hoc|ARM.Build.0 = Release|Any CPU
		{19DC0BB0-19F4-4E2D-80B7-FAE77A7C9B36}.Ad-Hoc|ARM.Deploy.0 = Release|Any CPU
		{19DC0BB0-19F4-4E2D-80B7-FAE77A7C9B36}.Ad-Hoc|iPhone.ActiveCfg = Release|Any CPU
		{19DC0BB0-19F4-4E2D-80B7-FAE77A7C9B36}.Ad-Hoc|iPhone.Build.0 = Release|Any CPU
		{19DC0BB0-19F4-4E2D-80B7-FAE77A7C9B36}.Ad-Hoc|iPhone.Deploy.0 = Release|Any CPU
		{19DC0BB0-19F4-4E2D-80B7-FAE77A7C9B36}.Ad-Hoc|iPhoneSimulator.ActiveCfg = Release|Any CPU
		{19DC0BB0-19F4-4E2D-80B7-FAE77A7C9B36}.Ad-Hoc|iPhoneSimulator.Build.0 = Release|Any CPU
		{19DC0BB0-19F4-4E2D-80B7-FAE77A7C9B36}.Ad-Hoc|iPhoneSimulator.Deploy.0 = Release|Any CPU
		{19DC0BB0-19F4-4E2D-80B7-FAE77A7C9B36}.Ad-Hoc|Mixed Platforms.ActiveCfg = Release|Any CPU
		{19DC0BB0-19F4-4E2D-80B7-FAE77A7C9B36}.Ad-Hoc|Mixed Platforms.Build.0 = Release|Any CPU
		{19DC0BB0-19F4-4E2D-80B7-FAE77A7C9B36}.Ad-Hoc|Mixed Platforms.Deploy.0 = Release|Any CPU
		{19DC0BB0-19F4-4E2D-80B7-FAE77A7C9B36}.Ad-Hoc|Unix.ActiveCfg = Release|Any CPU
		{19DC0BB0-19F4-4E2D-80B7-FAE77A7C9B36}.Ad-Hoc|Unix.Build.0 = Release|Any CPU
		{19DC0BB0-19F4-4E2D-80B7-FAE77A7C9B36}.Ad-Hoc|Unix.Deploy.0 = Release|Any CPU
		{19DC0BB0-19F4-4E2D-80B7-FAE77A7C9B36}.Ad-Hoc|x64.ActiveCfg = Release|Any CPU
		{19DC0BB0-19F4-4E2D-80B7-FAE77A7C9B36}.Ad-Hoc|x64.Build.0 = Release|Any CPU
		{19DC0BB0-19F4-4E2D-80B7-FAE77A7C9B36}.Ad-Hoc|x64.Deploy.0 = Release|Any CPU
		{19DC0BB0-19F4-4E2D-80B7-FAE77A7C9B36}.Ad-Hoc|x86.ActiveCfg = Release|Any CPU
		{19DC0BB0-19F4-4E2D-80B7-FAE77A7C9B36}.Ad-Hoc|x86.Build.0 = Release|Any CPU
		{19DC0BB0-19F4-4E2D-80B7-FAE77A7C9B36}.Ad-Hoc|x86.Deploy.0 = Release|Any CPU
		{19DC0BB0-19F4-4E2D-80B7-FAE77A7C9B36}.AppStore|Any CPU.ActiveCfg = Release|Any CPU
		{19DC0BB0-19F4-4E2D-80B7-FAE77A7C9B36}.AppStore|Any CPU.Build.0 = Release|Any CPU
		{19DC0BB0-19F4-4E2D-80B7-FAE77A7C9B36}.AppStore|Any CPU.Deploy.0 = Release|Any CPU
		{19DC0BB0-19F4-4E2D-80B7-FAE77A7C9B36}.AppStore|ARM.ActiveCfg = Release|Any CPU
		{19DC0BB0-19F4-4E2D-80B7-FAE77A7C9B36}.AppStore|ARM.Build.0 = Release|Any CPU
		{19DC0BB0-19F4-4E2D-80B7-FAE77A7C9B36}.AppStore|ARM.Deploy.0 = Release|Any CPU
		{19DC0BB0-19F4-4E2D-80B7-FAE77A7C9B36}.AppStore|iPhone.ActiveCfg = Release|Any CPU
		{19DC0BB0-19F4-4E2D-80B7-FAE77A7C9B36}.AppStore|iPhone.Build.0 = Release|Any CPU
		{19DC0BB0-19F4-4E2D-80B7-FAE77A7C9B36}.AppStore|iPhone.Deploy.0 = Release|Any CPU
		{19DC0BB0-19F4-4E2D-80B7-FAE77A7C9B36}.AppStore|iPhoneSimulator.ActiveCfg = Release|Any CPU
		{19DC0BB0-19F4-4E2D-80B7-FAE77A7C9B36}.AppStore|iPhoneSimulator.Build.0 = Release|Any CPU
		{19DC0BB0-19F4-4E2D-80B7-FAE77A7C9B36}.AppStore|iPhoneSimulator.Deploy.0 = Release|Any CPU
		{19DC0BB0-19F4-4E2D-80B7-FAE77A7C9B36}.AppStore|Mixed Platforms.ActiveCfg = Release|Any CPU
		{19DC0BB0-19F4-4E2D-80B7-FAE77A7C9B36}.AppStore|Mixed Platforms.Build.0 = Release|Any CPU
		{19DC0BB0-19F4-4E2D-80B7-FAE77A7C9B36}.AppStore|Mixed Platforms.Deploy.0 = Release|Any CPU
		{19DC0BB0-19F4-4E2D-80B7-FAE77A7C9B36}.AppStore|Unix.ActiveCfg = Release|Any CPU
		{19DC0BB0-19F4-4E2D-80B7-FAE77A7C9B36}.AppStore|Unix.Build.0 = Release|Any CPU
		{19DC0BB0-19F4-4E2D-80B7-FAE77A7C9B36}.AppStore|Unix.Deploy.0 = Release|Any CPU
		{19DC0BB0-19F4-4E2D-80B7-FAE77A7C9B36}.AppStore|x64.ActiveCfg = Release|Any CPU
		{19DC0BB0-19F4-4E2D-80B7-FAE77A7C9B36}.AppStore|x64.Build.0 = Release|Any CPU
		{19DC0BB0-19F4-4E2D-80B7-FAE77A7C9B36}.AppStore|x64.Deploy.0 = Release|Any CPU
		{19DC0BB0-19F4-4E2D-80B7-FAE77A7C9B36}.AppStore|x86.ActiveCfg = Release|Any CPU
		{19DC0BB0-19F4-4E2D-80B7-FAE77A7C9B36}.AppStore|x86.Build.0 = Release|Any CPU
		{19DC0BB0-19F4-4E2D-80B7-FAE77A7C9B36}.AppStore|x86.Deploy.0 = Release|Any CPU
		{19DC0BB0-19F4-4E2D-80B7-FAE77A7C9B36}.Debug|Any CPU.ActiveCfg = Debug|Any CPU
		{19DC0BB0-19F4-4E2D-80B7-FAE77A7C9B36}.Debug|Any CPU.Build.0 = Debug|Any CPU
		{19DC0BB0-19F4-4E2D-80B7-FAE77A7C9B36}.Debug|Any CPU.Deploy.0 = Debug|Any CPU
		{19DC0BB0-19F4-4E2D-80B7-FAE77A7C9B36}.Debug|ARM.ActiveCfg = Debug|Any CPU
		{19DC0BB0-19F4-4E2D-80B7-FAE77A7C9B36}.Debug|ARM.Build.0 = Debug|Any CPU
		{19DC0BB0-19F4-4E2D-80B7-FAE77A7C9B36}.Debug|ARM.Deploy.0 = Debug|Any CPU
		{19DC0BB0-19F4-4E2D-80B7-FAE77A7C9B36}.Debug|iPhone.ActiveCfg = Debug|Any CPU
		{19DC0BB0-19F4-4E2D-80B7-FAE77A7C9B36}.Debug|iPhone.Build.0 = Debug|Any CPU
		{19DC0BB0-19F4-4E2D-80B7-FAE77A7C9B36}.Debug|iPhone.Deploy.0 = Debug|Any CPU
		{19DC0BB0-19F4-4E2D-80B7-FAE77A7C9B36}.Debug|iPhoneSimulator.ActiveCfg = Debug|Any CPU
		{19DC0BB0-19F4-4E2D-80B7-FAE77A7C9B36}.Debug|iPhoneSimulator.Build.0 = Debug|Any CPU
		{19DC0BB0-19F4-4E2D-80B7-FAE77A7C9B36}.Debug|iPhoneSimulator.Deploy.0 = Debug|Any CPU
		{19DC0BB0-19F4-4E2D-80B7-FAE77A7C9B36}.Debug|Mixed Platforms.ActiveCfg = Debug|Any CPU
		{19DC0BB0-19F4-4E2D-80B7-FAE77A7C9B36}.Debug|Mixed Platforms.Build.0 = Debug|Any CPU
		{19DC0BB0-19F4-4E2D-80B7-FAE77A7C9B36}.Debug|Mixed Platforms.Deploy.0 = Debug|Any CPU
		{19DC0BB0-19F4-4E2D-80B7-FAE77A7C9B36}.Debug|Unix.ActiveCfg = Debug|Any CPU
		{19DC0BB0-19F4-4E2D-80B7-FAE77A7C9B36}.Debug|Unix.Build.0 = Debug|Any CPU
		{19DC0BB0-19F4-4E2D-80B7-FAE77A7C9B36}.Debug|Unix.Deploy.0 = Debug|Any CPU
		{19DC0BB0-19F4-4E2D-80B7-FAE77A7C9B36}.Debug|x64.ActiveCfg = Debug|Any CPU
		{19DC0BB0-19F4-4E2D-80B7-FAE77A7C9B36}.Debug|x64.Build.0 = Debug|Any CPU
		{19DC0BB0-19F4-4E2D-80B7-FAE77A7C9B36}.Debug|x64.Deploy.0 = Debug|Any CPU
		{19DC0BB0-19F4-4E2D-80B7-FAE77A7C9B36}.Debug|x86.ActiveCfg = Debug|Any CPU
		{19DC0BB0-19F4-4E2D-80B7-FAE77A7C9B36}.Debug|x86.Build.0 = Debug|Any CPU
		{19DC0BB0-19F4-4E2D-80B7-FAE77A7C9B36}.Debug|x86.Deploy.0 = Debug|Any CPU
		{19DC0BB0-19F4-4E2D-80B7-FAE77A7C9B36}.Release|Any CPU.ActiveCfg = Release|Any CPU
		{19DC0BB0-19F4-4E2D-80B7-FAE77A7C9B36}.Release|Any CPU.Build.0 = Release|Any CPU
		{19DC0BB0-19F4-4E2D-80B7-FAE77A7C9B36}.Release|Any CPU.Deploy.0 = Release|Any CPU
		{19DC0BB0-19F4-4E2D-80B7-FAE77A7C9B36}.Release|ARM.ActiveCfg = Release|Any CPU
		{19DC0BB0-19F4-4E2D-80B7-FAE77A7C9B36}.Release|ARM.Build.0 = Release|Any CPU
		{19DC0BB0-19F4-4E2D-80B7-FAE77A7C9B36}.Release|ARM.Deploy.0 = Release|Any CPU
		{19DC0BB0-19F4-4E2D-80B7-FAE77A7C9B36}.Release|iPhone.ActiveCfg = Release|Any CPU
		{19DC0BB0-19F4-4E2D-80B7-FAE77A7C9B36}.Release|iPhone.Build.0 = Release|Any CPU
		{19DC0BB0-19F4-4E2D-80B7-FAE77A7C9B36}.Release|iPhone.Deploy.0 = Release|Any CPU
		{19DC0BB0-19F4-4E2D-80B7-FAE77A7C9B36}.Release|iPhoneSimulator.ActiveCfg = Release|Any CPU
		{19DC0BB0-19F4-4E2D-80B7-FAE77A7C9B36}.Release|iPhoneSimulator.Build.0 = Release|Any CPU
		{19DC0BB0-19F4-4E2D-80B7-FAE77A7C9B36}.Release|iPhoneSimulator.Deploy.0 = Release|Any CPU
		{19DC0BB0-19F4-4E2D-80B7-FAE77A7C9B36}.Release|Mixed Platforms.ActiveCfg = Release|Any CPU
		{19DC0BB0-19F4-4E2D-80B7-FAE77A7C9B36}.Release|Mixed Platforms.Build.0 = Release|Any CPU
		{19DC0BB0-19F4-4E2D-80B7-FAE77A7C9B36}.Release|Mixed Platforms.Deploy.0 = Release|Any CPU
		{19DC0BB0-19F4-4E2D-80B7-FAE77A7C9B36}.Release|Unix.ActiveCfg = Release|Any CPU
		{19DC0BB0-19F4-4E2D-80B7-FAE77A7C9B36}.Release|Unix.Build.0 = Release|Any CPU
		{19DC0BB0-19F4-4E2D-80B7-FAE77A7C9B36}.Release|Unix.Deploy.0 = Release|Any CPU
		{19DC0BB0-19F4-4E2D-80B7-FAE77A7C9B36}.Release|x64.ActiveCfg = Release|Any CPU
		{19DC0BB0-19F4-4E2D-80B7-FAE77A7C9B36}.Release|x64.Build.0 = Release|Any CPU
		{19DC0BB0-19F4-4E2D-80B7-FAE77A7C9B36}.Release|x64.Deploy.0 = Release|Any CPU
		{19DC0BB0-19F4-4E2D-80B7-FAE77A7C9B36}.Release|x86.ActiveCfg = Release|Any CPU
		{19DC0BB0-19F4-4E2D-80B7-FAE77A7C9B36}.Release|x86.Build.0 = Release|Any CPU
		{19DC0BB0-19F4-4E2D-80B7-FAE77A7C9B36}.Release|x86.Deploy.0 = Release|Any CPU
		{58755E30-442D-4974-A937-1D2EF794A607}.Ad-Hoc|Any CPU.ActiveCfg = Debug|Any CPU
		{58755E30-442D-4974-A937-1D2EF794A607}.Ad-Hoc|Any CPU.Build.0 = Debug|Any CPU
		{58755E30-442D-4974-A937-1D2EF794A607}.Ad-Hoc|ARM.ActiveCfg = Debug|Any CPU
		{58755E30-442D-4974-A937-1D2EF794A607}.Ad-Hoc|ARM.Build.0 = Debug|Any CPU
		{58755E30-442D-4974-A937-1D2EF794A607}.Ad-Hoc|iPhone.ActiveCfg = Debug|Any CPU
		{58755E30-442D-4974-A937-1D2EF794A607}.Ad-Hoc|iPhone.Build.0 = Debug|Any CPU
		{58755E30-442D-4974-A937-1D2EF794A607}.Ad-Hoc|iPhoneSimulator.ActiveCfg = Debug|Any CPU
		{58755E30-442D-4974-A937-1D2EF794A607}.Ad-Hoc|iPhoneSimulator.Build.0 = Debug|Any CPU
		{58755E30-442D-4974-A937-1D2EF794A607}.Ad-Hoc|Mixed Platforms.ActiveCfg = Debug|Any CPU
		{58755E30-442D-4974-A937-1D2EF794A607}.Ad-Hoc|Mixed Platforms.Build.0 = Debug|Any CPU
		{58755E30-442D-4974-A937-1D2EF794A607}.Ad-Hoc|Unix.ActiveCfg = Debug|Any CPU
		{58755E30-442D-4974-A937-1D2EF794A607}.Ad-Hoc|Unix.Build.0 = Debug|Any CPU
		{58755E30-442D-4974-A937-1D2EF794A607}.Ad-Hoc|x64.ActiveCfg = Debug|Any CPU
		{58755E30-442D-4974-A937-1D2EF794A607}.Ad-Hoc|x64.Build.0 = Debug|Any CPU
		{58755E30-442D-4974-A937-1D2EF794A607}.Ad-Hoc|x86.ActiveCfg = Debug|Any CPU
		{58755E30-442D-4974-A937-1D2EF794A607}.Ad-Hoc|x86.Build.0 = Debug|Any CPU
		{58755E30-442D-4974-A937-1D2EF794A607}.AppStore|Any CPU.ActiveCfg = Debug|Any CPU
		{58755E30-442D-4974-A937-1D2EF794A607}.AppStore|Any CPU.Build.0 = Debug|Any CPU
		{58755E30-442D-4974-A937-1D2EF794A607}.AppStore|ARM.ActiveCfg = Debug|Any CPU
		{58755E30-442D-4974-A937-1D2EF794A607}.AppStore|ARM.Build.0 = Debug|Any CPU
		{58755E30-442D-4974-A937-1D2EF794A607}.AppStore|iPhone.ActiveCfg = Debug|Any CPU
		{58755E30-442D-4974-A937-1D2EF794A607}.AppStore|iPhone.Build.0 = Debug|Any CPU
		{58755E30-442D-4974-A937-1D2EF794A607}.AppStore|iPhoneSimulator.ActiveCfg = Debug|Any CPU
		{58755E30-442D-4974-A937-1D2EF794A607}.AppStore|iPhoneSimulator.Build.0 = Debug|Any CPU
		{58755E30-442D-4974-A937-1D2EF794A607}.AppStore|Mixed Platforms.ActiveCfg = Debug|Any CPU
		{58755E30-442D-4974-A937-1D2EF794A607}.AppStore|Mixed Platforms.Build.0 = Debug|Any CPU
		{58755E30-442D-4974-A937-1D2EF794A607}.AppStore|Unix.ActiveCfg = Debug|Any CPU
		{58755E30-442D-4974-A937-1D2EF794A607}.AppStore|Unix.Build.0 = Debug|Any CPU
		{58755E30-442D-4974-A937-1D2EF794A607}.AppStore|x64.ActiveCfg = Debug|Any CPU
		{58755E30-442D-4974-A937-1D2EF794A607}.AppStore|x64.Build.0 = Debug|Any CPU
		{58755E30-442D-4974-A937-1D2EF794A607}.AppStore|x86.ActiveCfg = Debug|Any CPU
		{58755E30-442D-4974-A937-1D2EF794A607}.AppStore|x86.Build.0 = Debug|Any CPU
		{58755E30-442D-4974-A937-1D2EF794A607}.Debug|Any CPU.ActiveCfg = Debug|Any CPU
		{58755E30-442D-4974-A937-1D2EF794A607}.Debug|Any CPU.Build.0 = Debug|Any CPU
		{58755E30-442D-4974-A937-1D2EF794A607}.Debug|ARM.ActiveCfg = Debug|Any CPU
		{58755E30-442D-4974-A937-1D2EF794A607}.Debug|ARM.Build.0 = Debug|Any CPU
		{58755E30-442D-4974-A937-1D2EF794A607}.Debug|iPhone.ActiveCfg = Debug|Any CPU
		{58755E30-442D-4974-A937-1D2EF794A607}.Debug|iPhone.Build.0 = Debug|Any CPU
		{58755E30-442D-4974-A937-1D2EF794A607}.Debug|iPhoneSimulator.ActiveCfg = Debug|Any CPU
		{58755E30-442D-4974-A937-1D2EF794A607}.Debug|iPhoneSimulator.Build.0 = Debug|Any CPU
		{58755E30-442D-4974-A937-1D2EF794A607}.Debug|Mixed Platforms.ActiveCfg = Debug|Any CPU
		{58755E30-442D-4974-A937-1D2EF794A607}.Debug|Mixed Platforms.Build.0 = Debug|Any CPU
		{58755E30-442D-4974-A937-1D2EF794A607}.Debug|Unix.ActiveCfg = Debug|Any CPU
		{58755E30-442D-4974-A937-1D2EF794A607}.Debug|Unix.Build.0 = Debug|Any CPU
		{58755E30-442D-4974-A937-1D2EF794A607}.Debug|x64.ActiveCfg = Debug|Any CPU
		{58755E30-442D-4974-A937-1D2EF794A607}.Debug|x64.Build.0 = Debug|Any CPU
		{58755E30-442D-4974-A937-1D2EF794A607}.Debug|x86.ActiveCfg = Debug|Any CPU
		{58755E30-442D-4974-A937-1D2EF794A607}.Debug|x86.Build.0 = Debug|Any CPU
		{58755E30-442D-4974-A937-1D2EF794A607}.Release|Any CPU.ActiveCfg = Release|Any CPU
		{58755E30-442D-4974-A937-1D2EF794A607}.Release|Any CPU.Build.0 = Release|Any CPU
		{58755E30-442D-4974-A937-1D2EF794A607}.Release|ARM.ActiveCfg = Release|Any CPU
		{58755E30-442D-4974-A937-1D2EF794A607}.Release|ARM.Build.0 = Release|Any CPU
		{58755E30-442D-4974-A937-1D2EF794A607}.Release|iPhone.ActiveCfg = Release|Any CPU
		{58755E30-442D-4974-A937-1D2EF794A607}.Release|iPhone.Build.0 = Release|Any CPU
		{58755E30-442D-4974-A937-1D2EF794A607}.Release|iPhoneSimulator.ActiveCfg = Release|Any CPU
		{58755E30-442D-4974-A937-1D2EF794A607}.Release|iPhoneSimulator.Build.0 = Release|Any CPU
		{58755E30-442D-4974-A937-1D2EF794A607}.Release|Mixed Platforms.ActiveCfg = Release|Any CPU
		{58755E30-442D-4974-A937-1D2EF794A607}.Release|Mixed Platforms.Build.0 = Release|Any CPU
		{58755E30-442D-4974-A937-1D2EF794A607}.Release|Unix.ActiveCfg = Release|Any CPU
		{58755E30-442D-4974-A937-1D2EF794A607}.Release|Unix.Build.0 = Release|Any CPU
		{58755E30-442D-4974-A937-1D2EF794A607}.Release|x64.ActiveCfg = Release|Any CPU
		{58755E30-442D-4974-A937-1D2EF794A607}.Release|x64.Build.0 = Release|Any CPU
		{58755E30-442D-4974-A937-1D2EF794A607}.Release|x86.ActiveCfg = Release|Any CPU
		{58755E30-442D-4974-A937-1D2EF794A607}.Release|x86.Build.0 = Release|Any CPU
		{6FCACF5A-9621-4446-AE71-E5E19B68AA01}.Ad-Hoc|Any CPU.ActiveCfg = Debug|Any CPU
		{6FCACF5A-9621-4446-AE71-E5E19B68AA01}.Ad-Hoc|Any CPU.Build.0 = Debug|Any CPU
		{6FCACF5A-9621-4446-AE71-E5E19B68AA01}.Ad-Hoc|ARM.ActiveCfg = Debug|Any CPU
		{6FCACF5A-9621-4446-AE71-E5E19B68AA01}.Ad-Hoc|ARM.Build.0 = Debug|Any CPU
		{6FCACF5A-9621-4446-AE71-E5E19B68AA01}.Ad-Hoc|iPhone.ActiveCfg = Debug|Any CPU
		{6FCACF5A-9621-4446-AE71-E5E19B68AA01}.Ad-Hoc|iPhone.Build.0 = Debug|Any CPU
		{6FCACF5A-9621-4446-AE71-E5E19B68AA01}.Ad-Hoc|iPhoneSimulator.ActiveCfg = Debug|Any CPU
		{6FCACF5A-9621-4446-AE71-E5E19B68AA01}.Ad-Hoc|iPhoneSimulator.Build.0 = Debug|Any CPU
		{6FCACF5A-9621-4446-AE71-E5E19B68AA01}.Ad-Hoc|Mixed Platforms.ActiveCfg = Debug|Any CPU
		{6FCACF5A-9621-4446-AE71-E5E19B68AA01}.Ad-Hoc|Mixed Platforms.Build.0 = Debug|Any CPU
		{6FCACF5A-9621-4446-AE71-E5E19B68AA01}.Ad-Hoc|Unix.ActiveCfg = Debug|Any CPU
		{6FCACF5A-9621-4446-AE71-E5E19B68AA01}.Ad-Hoc|Unix.Build.0 = Debug|Any CPU
		{6FCACF5A-9621-4446-AE71-E5E19B68AA01}.Ad-Hoc|x64.ActiveCfg = Debug|Any CPU
		{6FCACF5A-9621-4446-AE71-E5E19B68AA01}.Ad-Hoc|x64.Build.0 = Debug|Any CPU
		{6FCACF5A-9621-4446-AE71-E5E19B68AA01}.Ad-Hoc|x86.ActiveCfg = Debug|Any CPU
		{6FCACF5A-9621-4446-AE71-E5E19B68AA01}.Ad-Hoc|x86.Build.0 = Debug|Any CPU
		{6FCACF5A-9621-4446-AE71-E5E19B68AA01}.AppStore|Any CPU.ActiveCfg = Debug|Any CPU
		{6FCACF5A-9621-4446-AE71-E5E19B68AA01}.AppStore|Any CPU.Build.0 = Debug|Any CPU
		{6FCACF5A-9621-4446-AE71-E5E19B68AA01}.AppStore|ARM.ActiveCfg = Debug|Any CPU
		{6FCACF5A-9621-4446-AE71-E5E19B68AA01}.AppStore|ARM.Build.0 = Debug|Any CPU
		{6FCACF5A-9621-4446-AE71-E5E19B68AA01}.AppStore|iPhone.ActiveCfg = Debug|Any CPU
		{6FCACF5A-9621-4446-AE71-E5E19B68AA01}.AppStore|iPhone.Build.0 = Debug|Any CPU
		{6FCACF5A-9621-4446-AE71-E5E19B68AA01}.AppStore|iPhoneSimulator.ActiveCfg = Debug|Any CPU
		{6FCACF5A-9621-4446-AE71-E5E19B68AA01}.AppStore|iPhoneSimulator.Build.0 = Debug|Any CPU
		{6FCACF5A-9621-4446-AE71-E5E19B68AA01}.AppStore|Mixed Platforms.ActiveCfg = Debug|Any CPU
		{6FCACF5A-9621-4446-AE71-E5E19B68AA01}.AppStore|Mixed Platforms.Build.0 = Debug|Any CPU
		{6FCACF5A-9621-4446-AE71-E5E19B68AA01}.AppStore|Unix.ActiveCfg = Debug|Any CPU
		{6FCACF5A-9621-4446-AE71-E5E19B68AA01}.AppStore|Unix.Build.0 = Debug|Any CPU
		{6FCACF5A-9621-4446-AE71-E5E19B68AA01}.AppStore|x64.ActiveCfg = Debug|Any CPU
		{6FCACF5A-9621-4446-AE71-E5E19B68AA01}.AppStore|x64.Build.0 = Debug|Any CPU
		{6FCACF5A-9621-4446-AE71-E5E19B68AA01}.AppStore|x86.ActiveCfg = Debug|Any CPU
		{6FCACF5A-9621-4446-AE71-E5E19B68AA01}.AppStore|x86.Build.0 = Debug|Any CPU
		{6FCACF5A-9621-4446-AE71-E5E19B68AA01}.Debug|Any CPU.ActiveCfg = Debug|Any CPU
		{6FCACF5A-9621-4446-AE71-E5E19B68AA01}.Debug|Any CPU.Build.0 = Debug|Any CPU
		{6FCACF5A-9621-4446-AE71-E5E19B68AA01}.Debug|ARM.ActiveCfg = Debug|Any CPU
		{6FCACF5A-9621-4446-AE71-E5E19B68AA01}.Debug|ARM.Build.0 = Debug|Any CPU
		{6FCACF5A-9621-4446-AE71-E5E19B68AA01}.Debug|iPhone.ActiveCfg = Debug|Any CPU
		{6FCACF5A-9621-4446-AE71-E5E19B68AA01}.Debug|iPhone.Build.0 = Debug|Any CPU
		{6FCACF5A-9621-4446-AE71-E5E19B68AA01}.Debug|iPhoneSimulator.ActiveCfg = Debug|Any CPU
		{6FCACF5A-9621-4446-AE71-E5E19B68AA01}.Debug|iPhoneSimulator.Build.0 = Debug|Any CPU
		{6FCACF5A-9621-4446-AE71-E5E19B68AA01}.Debug|Mixed Platforms.ActiveCfg = Debug|Any CPU
		{6FCACF5A-9621-4446-AE71-E5E19B68AA01}.Debug|Mixed Platforms.Build.0 = Debug|Any CPU
		{6FCACF5A-9621-4446-AE71-E5E19B68AA01}.Debug|Unix.ActiveCfg = Debug|Any CPU
		{6FCACF5A-9621-4446-AE71-E5E19B68AA01}.Debug|Unix.Build.0 = Debug|Any CPU
		{6FCACF5A-9621-4446-AE71-E5E19B68AA01}.Debug|x64.ActiveCfg = Debug|Any CPU
		{6FCACF5A-9621-4446-AE71-E5E19B68AA01}.Debug|x64.Build.0 = Debug|Any CPU
		{6FCACF5A-9621-4446-AE71-E5E19B68AA01}.Debug|x86.ActiveCfg = Debug|Any CPU
		{6FCACF5A-9621-4446-AE71-E5E19B68AA01}.Debug|x86.Build.0 = Debug|Any CPU
		{6FCACF5A-9621-4446-AE71-E5E19B68AA01}.Release|Any CPU.ActiveCfg = Release|Any CPU
		{6FCACF5A-9621-4446-AE71-E5E19B68AA01}.Release|Any CPU.Build.0 = Release|Any CPU
		{6FCACF5A-9621-4446-AE71-E5E19B68AA01}.Release|ARM.ActiveCfg = Release|Any CPU
		{6FCACF5A-9621-4446-AE71-E5E19B68AA01}.Release|ARM.Build.0 = Release|Any CPU
		{6FCACF5A-9621-4446-AE71-E5E19B68AA01}.Release|iPhone.ActiveCfg = Release|Any CPU
		{6FCACF5A-9621-4446-AE71-E5E19B68AA01}.Release|iPhone.Build.0 = Release|Any CPU
		{6FCACF5A-9621-4446-AE71-E5E19B68AA01}.Release|iPhoneSimulator.ActiveCfg = Release|Any CPU
		{6FCACF5A-9621-4446-AE71-E5E19B68AA01}.Release|iPhoneSimulator.Build.0 = Release|Any CPU
		{6FCACF5A-9621-4446-AE71-E5E19B68AA01}.Release|Mixed Platforms.ActiveCfg = Release|Any CPU
		{6FCACF5A-9621-4446-AE71-E5E19B68AA01}.Release|Mixed Platforms.Build.0 = Release|Any CPU
		{6FCACF5A-9621-4446-AE71-E5E19B68AA01}.Release|Unix.ActiveCfg = Release|Any CPU
		{6FCACF5A-9621-4446-AE71-E5E19B68AA01}.Release|Unix.Build.0 = Release|Any CPU
		{6FCACF5A-9621-4446-AE71-E5E19B68AA01}.Release|x64.ActiveCfg = Release|Any CPU
		{6FCACF5A-9621-4446-AE71-E5E19B68AA01}.Release|x64.Build.0 = Release|Any CPU
		{6FCACF5A-9621-4446-AE71-E5E19B68AA01}.Release|x86.ActiveCfg = Release|Any CPU
		{6FCACF5A-9621-4446-AE71-E5E19B68AA01}.Release|x86.Build.0 = Release|Any CPU
		{65BC6C81-77E5-4D48-AE2F-06E5067F9ADB}.Ad-Hoc|Any CPU.ActiveCfg = Debug|Any CPU
		{65BC6C81-77E5-4D48-AE2F-06E5067F9ADB}.Ad-Hoc|Any CPU.Build.0 = Debug|Any CPU
		{65BC6C81-77E5-4D48-AE2F-06E5067F9ADB}.Ad-Hoc|ARM.ActiveCfg = Debug|Any CPU
		{65BC6C81-77E5-4D48-AE2F-06E5067F9ADB}.Ad-Hoc|ARM.Build.0 = Debug|Any CPU
		{65BC6C81-77E5-4D48-AE2F-06E5067F9ADB}.Ad-Hoc|iPhone.ActiveCfg = Debug|Any CPU
		{65BC6C81-77E5-4D48-AE2F-06E5067F9ADB}.Ad-Hoc|iPhone.Build.0 = Debug|Any CPU
		{65BC6C81-77E5-4D48-AE2F-06E5067F9ADB}.Ad-Hoc|iPhoneSimulator.ActiveCfg = Debug|Any CPU
		{65BC6C81-77E5-4D48-AE2F-06E5067F9ADB}.Ad-Hoc|iPhoneSimulator.Build.0 = Debug|Any CPU
		{65BC6C81-77E5-4D48-AE2F-06E5067F9ADB}.Ad-Hoc|Mixed Platforms.ActiveCfg = Debug|Any CPU
		{65BC6C81-77E5-4D48-AE2F-06E5067F9ADB}.Ad-Hoc|Mixed Platforms.Build.0 = Debug|Any CPU
		{65BC6C81-77E5-4D48-AE2F-06E5067F9ADB}.Ad-Hoc|Unix.ActiveCfg = Debug|Any CPU
		{65BC6C81-77E5-4D48-AE2F-06E5067F9ADB}.Ad-Hoc|Unix.Build.0 = Debug|Any CPU
		{65BC6C81-77E5-4D48-AE2F-06E5067F9ADB}.Ad-Hoc|x64.ActiveCfg = Debug|Any CPU
		{65BC6C81-77E5-4D48-AE2F-06E5067F9ADB}.Ad-Hoc|x64.Build.0 = Debug|Any CPU
		{65BC6C81-77E5-4D48-AE2F-06E5067F9ADB}.Ad-Hoc|x86.ActiveCfg = Debug|Any CPU
		{65BC6C81-77E5-4D48-AE2F-06E5067F9ADB}.Ad-Hoc|x86.Build.0 = Debug|Any CPU
		{65BC6C81-77E5-4D48-AE2F-06E5067F9ADB}.AppStore|Any CPU.ActiveCfg = Debug|Any CPU
		{65BC6C81-77E5-4D48-AE2F-06E5067F9ADB}.AppStore|Any CPU.Build.0 = Debug|Any CPU
		{65BC6C81-77E5-4D48-AE2F-06E5067F9ADB}.AppStore|ARM.ActiveCfg = Debug|Any CPU
		{65BC6C81-77E5-4D48-AE2F-06E5067F9ADB}.AppStore|ARM.Build.0 = Debug|Any CPU
		{65BC6C81-77E5-4D48-AE2F-06E5067F9ADB}.AppStore|iPhone.ActiveCfg = Debug|Any CPU
		{65BC6C81-77E5-4D48-AE2F-06E5067F9ADB}.AppStore|iPhone.Build.0 = Debug|Any CPU
		{65BC6C81-77E5-4D48-AE2F-06E5067F9ADB}.AppStore|iPhoneSimulator.ActiveCfg = Debug|Any CPU
		{65BC6C81-77E5-4D48-AE2F-06E5067F9ADB}.AppStore|iPhoneSimulator.Build.0 = Debug|Any CPU
		{65BC6C81-77E5-4D48-AE2F-06E5067F9ADB}.AppStore|Mixed Platforms.ActiveCfg = Debug|Any CPU
		{65BC6C81-77E5-4D48-AE2F-06E5067F9ADB}.AppStore|Mixed Platforms.Build.0 = Debug|Any CPU
		{65BC6C81-77E5-4D48-AE2F-06E5067F9ADB}.AppStore|Unix.ActiveCfg = Debug|Any CPU
		{65BC6C81-77E5-4D48-AE2F-06E5067F9ADB}.AppStore|Unix.Build.0 = Debug|Any CPU
		{65BC6C81-77E5-4D48-AE2F-06E5067F9ADB}.AppStore|x64.ActiveCfg = Debug|Any CPU
		{65BC6C81-77E5-4D48-AE2F-06E5067F9ADB}.AppStore|x64.Build.0 = Debug|Any CPU
		{65BC6C81-77E5-4D48-AE2F-06E5067F9ADB}.AppStore|x86.ActiveCfg = Debug|Any CPU
		{65BC6C81-77E5-4D48-AE2F-06E5067F9ADB}.AppStore|x86.Build.0 = Debug|Any CPU
		{65BC6C81-77E5-4D48-AE2F-06E5067F9ADB}.Debug|Any CPU.ActiveCfg = Debug|Any CPU
		{65BC6C81-77E5-4D48-AE2F-06E5067F9ADB}.Debug|Any CPU.Build.0 = Debug|Any CPU
		{65BC6C81-77E5-4D48-AE2F-06E5067F9ADB}.Debug|ARM.ActiveCfg = Debug|Any CPU
		{65BC6C81-77E5-4D48-AE2F-06E5067F9ADB}.Debug|ARM.Build.0 = Debug|Any CPU
		{65BC6C81-77E5-4D48-AE2F-06E5067F9ADB}.Debug|iPhone.ActiveCfg = Debug|Any CPU
		{65BC6C81-77E5-4D48-AE2F-06E5067F9ADB}.Debug|iPhone.Build.0 = Debug|Any CPU
		{65BC6C81-77E5-4D48-AE2F-06E5067F9ADB}.Debug|iPhoneSimulator.ActiveCfg = Debug|Any CPU
		{65BC6C81-77E5-4D48-AE2F-06E5067F9ADB}.Debug|iPhoneSimulator.Build.0 = Debug|Any CPU
		{65BC6C81-77E5-4D48-AE2F-06E5067F9ADB}.Debug|Mixed Platforms.ActiveCfg = Debug|Any CPU
		{65BC6C81-77E5-4D48-AE2F-06E5067F9ADB}.Debug|Mixed Platforms.Build.0 = Debug|Any CPU
		{65BC6C81-77E5-4D48-AE2F-06E5067F9ADB}.Debug|Unix.ActiveCfg = Debug|Any CPU
		{65BC6C81-77E5-4D48-AE2F-06E5067F9ADB}.Debug|Unix.Build.0 = Debug|Any CPU
		{65BC6C81-77E5-4D48-AE2F-06E5067F9ADB}.Debug|x64.ActiveCfg = Debug|Any CPU
		{65BC6C81-77E5-4D48-AE2F-06E5067F9ADB}.Debug|x64.Build.0 = Debug|Any CPU
		{65BC6C81-77E5-4D48-AE2F-06E5067F9ADB}.Debug|x86.ActiveCfg = Debug|Any CPU
		{65BC6C81-77E5-4D48-AE2F-06E5067F9ADB}.Debug|x86.Build.0 = Debug|Any CPU
		{65BC6C81-77E5-4D48-AE2F-06E5067F9ADB}.Release|Any CPU.ActiveCfg = Release|Any CPU
		{65BC6C81-77E5-4D48-AE2F-06E5067F9ADB}.Release|Any CPU.Build.0 = Release|Any CPU
		{65BC6C81-77E5-4D48-AE2F-06E5067F9ADB}.Release|ARM.ActiveCfg = Release|Any CPU
		{65BC6C81-77E5-4D48-AE2F-06E5067F9ADB}.Release|ARM.Build.0 = Release|Any CPU
		{65BC6C81-77E5-4D48-AE2F-06E5067F9ADB}.Release|iPhone.ActiveCfg = Release|Any CPU
		{65BC6C81-77E5-4D48-AE2F-06E5067F9ADB}.Release|iPhone.Build.0 = Release|Any CPU
		{65BC6C81-77E5-4D48-AE2F-06E5067F9ADB}.Release|iPhoneSimulator.ActiveCfg = Release|Any CPU
		{65BC6C81-77E5-4D48-AE2F-06E5067F9ADB}.Release|iPhoneSimulator.Build.0 = Release|Any CPU
		{65BC6C81-77E5-4D48-AE2F-06E5067F9ADB}.Release|Mixed Platforms.ActiveCfg = Release|Any CPU
		{65BC6C81-77E5-4D48-AE2F-06E5067F9ADB}.Release|Mixed Platforms.Build.0 = Release|Any CPU
		{65BC6C81-77E5-4D48-AE2F-06E5067F9ADB}.Release|Unix.ActiveCfg = Release|Any CPU
		{65BC6C81-77E5-4D48-AE2F-06E5067F9ADB}.Release|Unix.Build.0 = Release|Any CPU
		{65BC6C81-77E5-4D48-AE2F-06E5067F9ADB}.Release|x64.ActiveCfg = Release|Any CPU
		{65BC6C81-77E5-4D48-AE2F-06E5067F9ADB}.Release|x64.Build.0 = Release|Any CPU
		{65BC6C81-77E5-4D48-AE2F-06E5067F9ADB}.Release|x86.ActiveCfg = Release|Any CPU
		{65BC6C81-77E5-4D48-AE2F-06E5067F9ADB}.Release|x86.Build.0 = Release|Any CPU
	EndGlobalSection
	GlobalSection(SolutionProperties) = preSolution
		HideSolutionNode = FALSE
	EndGlobalSection
	GlobalSection(NestedProjects) = preSolution
		{66EA2C31-4D7C-4FD1-8F9B-24E56266A8D2} = {0C5D39CB-8298-4258-8752-09A4D2F29840}
		{75712C17-1A07-45B9-A3CF-D3E6922672E4} = {F704D85F-2758-42A1-B87D-2C21EC782329}
		{2B1C7AF2-7208-4D84-9BD8-93C13FE373DA} = {0C5D39CB-8298-4258-8752-09A4D2F29840}
		{0C5D39CB-8298-4258-8752-09A4D2F29840} = {609FE014-9C31-4E4C-9A1A-3E0F79F89938}
		{600FC746-6968-489F-9471-A37A6D312812} = {0B31DE2D-1855-479A-977B-8A7AC3E1F8C9}
		{3040FFCD-98E4-4C02-867C-725C93AD38E8} = {0B31DE2D-1855-479A-977B-8A7AC3E1F8C9}
		{15ACA206-DC79-429C-A4A5-D947D62481B5} = {0B31DE2D-1855-479A-977B-8A7AC3E1F8C9}
		{41637575-DF70-48B4-A99C-46299A7D2E8F} = {0B31DE2D-1855-479A-977B-8A7AC3E1F8C9}
		{A163AB36-0E37-44BA-9125-63D2D27CE894} = {F704D85F-2758-42A1-B87D-2C21EC782329}
		{ACD50DCF-B031-4686-BB75-B5A1F354C7EB} = {0C5D39CB-8298-4258-8752-09A4D2F29840}
		{19DC0BB0-19F4-4E2D-80B7-FAE77A7C9B36} = {609FE014-9C31-4E4C-9A1A-3E0F79F89938}
		{58755E30-442D-4974-A937-1D2EF794A607} = {F704D85F-2758-42A1-B87D-2C21EC782329}
		{6FCACF5A-9621-4446-AE71-E5E19B68AA01} = {F704D85F-2758-42A1-B87D-2C21EC782329}
		{65BC6C81-77E5-4D48-AE2F-06E5067F9ADB} = {F704D85F-2758-42A1-B87D-2C21EC782329}
	EndGlobalSection
	GlobalSection(ExtensibilityGlobals) = postSolution
		SolutionGuid = {B224E843-3B6E-4B4E-86D7-B3A0A635A284}
	EndGlobalSection
	GlobalSection(MonoDevelopProperties) = preSolution
		version = 0.12.0.0
	EndGlobalSection
EndGlobal
