
Microsoft Visual Studio Solution File, Format Version 12.00
# Visual Studio 15
VisualStudioVersion = 15.0.27004.2009
MinimumVisualStudioVersion = 10.0.40219.1
Project("{9A19103F-16F7-4668-BE54-9A1E7A4F7556}") = "MoneyFox.Foundation", "MoneyFox.Foundation\MoneyFox.Foundation.csproj", "{6BF88070-4978-4CD1-A367-1E58926B1D5D}"
EndProject
Project("{9A19103F-16F7-4668-BE54-9A1E7A4F7556}") = "MoneyFox.DataAccess", "MoneyFox.DataAccess\MoneyFox.DataAccess.csproj", "{306B2470-FA8F-402A-9428-7CD099007B7F}"
EndProject
Project("{9A19103F-16F7-4668-BE54-9A1E7A4F7556}") = "MoneyFox.Business", "MoneyFox.Business\MoneyFox.Business.csproj", "{0913FC28-D36E-4B68-A16A-52B9C7D82B49}"
EndProject
Project("{FAE04EC0-301F-11D3-BF4B-00C04F79EFBC}") = "MoneyFox.UWP", "MoneyFox.UWP\MoneyFox.UWP.csproj", "{093791D2-1FA6-4AB0-8F5E-3A211D4345AE}"
EndProject
Project("{2150E333-8FDC-42A3-9474-1A3956D46DE8}") = "Core", "Core", "{26EB5B70-CD74-4EAA-BED3-04797887495F}"
EndProject
Project("{2150E333-8FDC-42A3-9474-1A3956D46DE8}") = "Platform", "Platform", "{FBA29CEB-F357-4CD1-8F67-8711A836AF3B}"
EndProject
Project("{FAE04EC0-301F-11D3-BF4B-00C04F79EFBC}") = "MoneyFox.UWP.Tasks", "MoneyFox.UWP.Tasks\MoneyFox.UWP.Tasks.csproj", "{DB9BA8AE-F5F1-465E-8C02-C23F8394B33B}"
EndProject
Project("{FAE04EC0-301F-11D3-BF4B-00C04F79EFBC}") = "MoneyFox.UWP.Business", "MoneyFox.UWP.Business\MoneyFox.UWP.Business.csproj", "{0A4DB9BB-51F8-447B-A45A-DBB6D68C8A31}"
EndProject
Project("{2150E333-8FDC-42A3-9474-1A3956D46DE8}") = "Windows", "Windows", "{2FD43C3E-A9F9-43EF-8AF4-02E05AC21651}"
EndProject
Project("{FAE04EC0-301F-11D3-BF4B-00C04F79EFBC}") = "MoneyFox.Droid", "MoneyFox.Droid\MoneyFox.Droid.csproj", "{2B4EA492-3613-479E-AD46-39EDE4B86D80}"
EndProject
Global
	GlobalSection(SolutionConfigurationPlatforms) = preSolution
		Debug|Any CPU = Debug|Any CPU
		Debug|ARM = Debug|ARM
		Debug|x64 = Debug|x64
		Debug|x86 = Debug|x86
		Release|Any CPU = Release|Any CPU
		Release|ARM = Release|ARM
		Release|x64 = Release|x64
		Release|x86 = Release|x86
	EndGlobalSection
	GlobalSection(ProjectConfigurationPlatforms) = postSolution
		{6BF88070-4978-4CD1-A367-1E58926B1D5D}.Debug|Any CPU.ActiveCfg = Debug|Any CPU
		{6BF88070-4978-4CD1-A367-1E58926B1D5D}.Debug|Any CPU.Build.0 = Debug|Any CPU
		{6BF88070-4978-4CD1-A367-1E58926B1D5D}.Debug|ARM.ActiveCfg = Debug|Any CPU
		{6BF88070-4978-4CD1-A367-1E58926B1D5D}.Debug|ARM.Build.0 = Debug|Any CPU
		{6BF88070-4978-4CD1-A367-1E58926B1D5D}.Debug|x64.ActiveCfg = Debug|Any CPU
		{6BF88070-4978-4CD1-A367-1E58926B1D5D}.Debug|x64.Build.0 = Debug|Any CPU
		{6BF88070-4978-4CD1-A367-1E58926B1D5D}.Debug|x86.ActiveCfg = Debug|Any CPU
		{6BF88070-4978-4CD1-A367-1E58926B1D5D}.Debug|x86.Build.0 = Debug|Any CPU
		{6BF88070-4978-4CD1-A367-1E58926B1D5D}.Release|Any CPU.ActiveCfg = Release|Any CPU
		{6BF88070-4978-4CD1-A367-1E58926B1D5D}.Release|Any CPU.Build.0 = Release|Any CPU
		{6BF88070-4978-4CD1-A367-1E58926B1D5D}.Release|ARM.ActiveCfg = Release|Any CPU
		{6BF88070-4978-4CD1-A367-1E58926B1D5D}.Release|ARM.Build.0 = Release|Any CPU
		{6BF88070-4978-4CD1-A367-1E58926B1D5D}.Release|x64.ActiveCfg = Release|Any CPU
		{6BF88070-4978-4CD1-A367-1E58926B1D5D}.Release|x64.Build.0 = Release|Any CPU
		{6BF88070-4978-4CD1-A367-1E58926B1D5D}.Release|x86.ActiveCfg = Release|Any CPU
		{6BF88070-4978-4CD1-A367-1E58926B1D5D}.Release|x86.Build.0 = Release|Any CPU
		{306B2470-FA8F-402A-9428-7CD099007B7F}.Debug|Any CPU.ActiveCfg = Debug|Any CPU
		{306B2470-FA8F-402A-9428-7CD099007B7F}.Debug|Any CPU.Build.0 = Debug|Any CPU
		{306B2470-FA8F-402A-9428-7CD099007B7F}.Debug|ARM.ActiveCfg = Debug|Any CPU
		{306B2470-FA8F-402A-9428-7CD099007B7F}.Debug|ARM.Build.0 = Debug|Any CPU
		{306B2470-FA8F-402A-9428-7CD099007B7F}.Debug|x64.ActiveCfg = Debug|Any CPU
		{306B2470-FA8F-402A-9428-7CD099007B7F}.Debug|x64.Build.0 = Debug|Any CPU
		{306B2470-FA8F-402A-9428-7CD099007B7F}.Debug|x86.ActiveCfg = Debug|Any CPU
		{306B2470-FA8F-402A-9428-7CD099007B7F}.Debug|x86.Build.0 = Debug|Any CPU
		{306B2470-FA8F-402A-9428-7CD099007B7F}.Release|Any CPU.ActiveCfg = Release|Any CPU
		{306B2470-FA8F-402A-9428-7CD099007B7F}.Release|Any CPU.Build.0 = Release|Any CPU
		{306B2470-FA8F-402A-9428-7CD099007B7F}.Release|ARM.ActiveCfg = Release|Any CPU
		{306B2470-FA8F-402A-9428-7CD099007B7F}.Release|ARM.Build.0 = Release|Any CPU
		{306B2470-FA8F-402A-9428-7CD099007B7F}.Release|x64.ActiveCfg = Release|Any CPU
		{306B2470-FA8F-402A-9428-7CD099007B7F}.Release|x64.Build.0 = Release|Any CPU
		{306B2470-FA8F-402A-9428-7CD099007B7F}.Release|x86.ActiveCfg = Release|Any CPU
		{306B2470-FA8F-402A-9428-7CD099007B7F}.Release|x86.Build.0 = Release|Any CPU
		{0913FC28-D36E-4B68-A16A-52B9C7D82B49}.Debug|Any CPU.ActiveCfg = Debug|Any CPU
		{0913FC28-D36E-4B68-A16A-52B9C7D82B49}.Debug|Any CPU.Build.0 = Debug|Any CPU
		{0913FC28-D36E-4B68-A16A-52B9C7D82B49}.Debug|ARM.ActiveCfg = Debug|Any CPU
		{0913FC28-D36E-4B68-A16A-52B9C7D82B49}.Debug|ARM.Build.0 = Debug|Any CPU
		{0913FC28-D36E-4B68-A16A-52B9C7D82B49}.Debug|x64.ActiveCfg = Debug|Any CPU
		{0913FC28-D36E-4B68-A16A-52B9C7D82B49}.Debug|x64.Build.0 = Debug|Any CPU
		{0913FC28-D36E-4B68-A16A-52B9C7D82B49}.Debug|x86.ActiveCfg = Debug|Any CPU
		{0913FC28-D36E-4B68-A16A-52B9C7D82B49}.Debug|x86.Build.0 = Debug|Any CPU
		{0913FC28-D36E-4B68-A16A-52B9C7D82B49}.Release|Any CPU.ActiveCfg = Release|Any CPU
		{0913FC28-D36E-4B68-A16A-52B9C7D82B49}.Release|Any CPU.Build.0 = Release|Any CPU
		{0913FC28-D36E-4B68-A16A-52B9C7D82B49}.Release|ARM.ActiveCfg = Release|Any CPU
		{0913FC28-D36E-4B68-A16A-52B9C7D82B49}.Release|ARM.Build.0 = Release|Any CPU
		{0913FC28-D36E-4B68-A16A-52B9C7D82B49}.Release|x64.ActiveCfg = Release|Any CPU
		{0913FC28-D36E-4B68-A16A-52B9C7D82B49}.Release|x64.Build.0 = Release|Any CPU
		{0913FC28-D36E-4B68-A16A-52B9C7D82B49}.Release|x86.ActiveCfg = Release|Any CPU
		{0913FC28-D36E-4B68-A16A-52B9C7D82B49}.Release|x86.Build.0 = Release|Any CPU
		{093791D2-1FA6-4AB0-8F5E-3A211D4345AE}.Debug|Any CPU.ActiveCfg = Debug|x86
		{093791D2-1FA6-4AB0-8F5E-3A211D4345AE}.Debug|ARM.ActiveCfg = Debug|ARM
		{093791D2-1FA6-4AB0-8F5E-3A211D4345AE}.Debug|ARM.Build.0 = Debug|ARM
		{093791D2-1FA6-4AB0-8F5E-3A211D4345AE}.Debug|ARM.Deploy.0 = Debug|ARM
		{093791D2-1FA6-4AB0-8F5E-3A211D4345AE}.Debug|x64.ActiveCfg = Debug|x64
		{093791D2-1FA6-4AB0-8F5E-3A211D4345AE}.Debug|x64.Build.0 = Debug|x64
		{093791D2-1FA6-4AB0-8F5E-3A211D4345AE}.Debug|x64.Deploy.0 = Debug|x64
		{093791D2-1FA6-4AB0-8F5E-3A211D4345AE}.Debug|x86.ActiveCfg = Debug|x86
		{093791D2-1FA6-4AB0-8F5E-3A211D4345AE}.Debug|x86.Build.0 = Debug|x86
		{093791D2-1FA6-4AB0-8F5E-3A211D4345AE}.Debug|x86.Deploy.0 = Debug|x86
		{093791D2-1FA6-4AB0-8F5E-3A211D4345AE}.Release|Any CPU.ActiveCfg = Release|x86
		{093791D2-1FA6-4AB0-8F5E-3A211D4345AE}.Release|ARM.ActiveCfg = Release|ARM
		{093791D2-1FA6-4AB0-8F5E-3A211D4345AE}.Release|ARM.Build.0 = Release|ARM
		{093791D2-1FA6-4AB0-8F5E-3A211D4345AE}.Release|ARM.Deploy.0 = Release|ARM
		{093791D2-1FA6-4AB0-8F5E-3A211D4345AE}.Release|x64.ActiveCfg = Release|x64
		{093791D2-1FA6-4AB0-8F5E-3A211D4345AE}.Release|x64.Build.0 = Release|x64
		{093791D2-1FA6-4AB0-8F5E-3A211D4345AE}.Release|x64.Deploy.0 = Release|x64
		{093791D2-1FA6-4AB0-8F5E-3A211D4345AE}.Release|x86.ActiveCfg = Release|x86
		{093791D2-1FA6-4AB0-8F5E-3A211D4345AE}.Release|x86.Build.0 = Release|x86
		{093791D2-1FA6-4AB0-8F5E-3A211D4345AE}.Release|x86.Deploy.0 = Release|x86
		{DB9BA8AE-F5F1-465E-8C02-C23F8394B33B}.Debug|Any CPU.ActiveCfg = Debug|Any CPU
		{DB9BA8AE-F5F1-465E-8C02-C23F8394B33B}.Debug|Any CPU.Build.0 = Debug|Any CPU
		{DB9BA8AE-F5F1-465E-8C02-C23F8394B33B}.Debug|ARM.ActiveCfg = Debug|ARM
		{DB9BA8AE-F5F1-465E-8C02-C23F8394B33B}.Debug|ARM.Build.0 = Debug|ARM
		{DB9BA8AE-F5F1-465E-8C02-C23F8394B33B}.Debug|x64.ActiveCfg = Debug|x64
		{DB9BA8AE-F5F1-465E-8C02-C23F8394B33B}.Debug|x64.Build.0 = Debug|x64
		{DB9BA8AE-F5F1-465E-8C02-C23F8394B33B}.Debug|x86.ActiveCfg = Debug|x86
		{DB9BA8AE-F5F1-465E-8C02-C23F8394B33B}.Debug|x86.Build.0 = Debug|x86
		{DB9BA8AE-F5F1-465E-8C02-C23F8394B33B}.Release|Any CPU.ActiveCfg = Release|Any CPU
		{DB9BA8AE-F5F1-465E-8C02-C23F8394B33B}.Release|Any CPU.Build.0 = Release|Any CPU
		{DB9BA8AE-F5F1-465E-8C02-C23F8394B33B}.Release|ARM.ActiveCfg = Release|ARM
		{DB9BA8AE-F5F1-465E-8C02-C23F8394B33B}.Release|ARM.Build.0 = Release|ARM
		{DB9BA8AE-F5F1-465E-8C02-C23F8394B33B}.Release|x64.ActiveCfg = Release|x64
		{DB9BA8AE-F5F1-465E-8C02-C23F8394B33B}.Release|x64.Build.0 = Release|x64
		{DB9BA8AE-F5F1-465E-8C02-C23F8394B33B}.Release|x86.ActiveCfg = Release|x86
		{DB9BA8AE-F5F1-465E-8C02-C23F8394B33B}.Release|x86.Build.0 = Release|x86
		{0A4DB9BB-51F8-447B-A45A-DBB6D68C8A31}.Debug|Any CPU.ActiveCfg = Debug|Any CPU
		{0A4DB9BB-51F8-447B-A45A-DBB6D68C8A31}.Debug|Any CPU.Build.0 = Debug|Any CPU
		{0A4DB9BB-51F8-447B-A45A-DBB6D68C8A31}.Debug|ARM.ActiveCfg = Debug|ARM
		{0A4DB9BB-51F8-447B-A45A-DBB6D68C8A31}.Debug|ARM.Build.0 = Debug|ARM
		{0A4DB9BB-51F8-447B-A45A-DBB6D68C8A31}.Debug|x64.ActiveCfg = Debug|x64
		{0A4DB9BB-51F8-447B-A45A-DBB6D68C8A31}.Debug|x64.Build.0 = Debug|x64
		{0A4DB9BB-51F8-447B-A45A-DBB6D68C8A31}.Debug|x86.ActiveCfg = Debug|x86
		{0A4DB9BB-51F8-447B-A45A-DBB6D68C8A31}.Debug|x86.Build.0 = Debug|x86
		{0A4DB9BB-51F8-447B-A45A-DBB6D68C8A31}.Release|Any CPU.ActiveCfg = Release|Any CPU
		{0A4DB9BB-51F8-447B-A45A-DBB6D68C8A31}.Release|Any CPU.Build.0 = Release|Any CPU
		{0A4DB9BB-51F8-447B-A45A-DBB6D68C8A31}.Release|ARM.ActiveCfg = Release|ARM
		{0A4DB9BB-51F8-447B-A45A-DBB6D68C8A31}.Release|ARM.Build.0 = Release|ARM
		{0A4DB9BB-51F8-447B-A45A-DBB6D68C8A31}.Release|x64.ActiveCfg = Release|x64
		{0A4DB9BB-51F8-447B-A45A-DBB6D68C8A31}.Release|x64.Build.0 = Release|x64
		{0A4DB9BB-51F8-447B-A45A-DBB6D68C8A31}.Release|x86.ActiveCfg = Release|x86
		{0A4DB9BB-51F8-447B-A45A-DBB6D68C8A31}.Release|x86.Build.0 = Release|x86
		{2B4EA492-3613-479E-AD46-39EDE4B86D80}.Debug|Any CPU.ActiveCfg = Debug|Any CPU
		{2B4EA492-3613-479E-AD46-39EDE4B86D80}.Debug|Any CPU.Build.0 = Debug|Any CPU
		{2B4EA492-3613-479E-AD46-39EDE4B86D80}.Debug|Any CPU.Deploy.0 = Debug|Any CPU
		{2B4EA492-3613-479E-AD46-39EDE4B86D80}.Debug|ARM.ActiveCfg = Debug|Any CPU
		{2B4EA492-3613-479E-AD46-39EDE4B86D80}.Debug|ARM.Build.0 = Debug|Any CPU
		{2B4EA492-3613-479E-AD46-39EDE4B86D80}.Debug|ARM.Deploy.0 = Debug|Any CPU
		{2B4EA492-3613-479E-AD46-39EDE4B86D80}.Debug|x64.ActiveCfg = Debug|Any CPU
		{2B4EA492-3613-479E-AD46-39EDE4B86D80}.Debug|x64.Build.0 = Debug|Any CPU
		{2B4EA492-3613-479E-AD46-39EDE4B86D80}.Debug|x64.Deploy.0 = Debug|Any CPU
		{2B4EA492-3613-479E-AD46-39EDE4B86D80}.Debug|x86.ActiveCfg = Debug|Any CPU
		{2B4EA492-3613-479E-AD46-39EDE4B86D80}.Debug|x86.Build.0 = Debug|Any CPU
		{2B4EA492-3613-479E-AD46-39EDE4B86D80}.Debug|x86.Deploy.0 = Debug|Any CPU
		{2B4EA492-3613-479E-AD46-39EDE4B86D80}.Release|Any CPU.ActiveCfg = Release|Any CPU
		{2B4EA492-3613-479E-AD46-39EDE4B86D80}.Release|Any CPU.Build.0 = Release|Any CPU
		{2B4EA492-3613-479E-AD46-39EDE4B86D80}.Release|Any CPU.Deploy.0 = Release|Any CPU
		{2B4EA492-3613-479E-AD46-39EDE4B86D80}.Release|ARM.ActiveCfg = Release|Any CPU
		{2B4EA492-3613-479E-AD46-39EDE4B86D80}.Release|ARM.Build.0 = Release|Any CPU
		{2B4EA492-3613-479E-AD46-39EDE4B86D80}.Release|ARM.Deploy.0 = Release|Any CPU
		{2B4EA492-3613-479E-AD46-39EDE4B86D80}.Release|x64.ActiveCfg = Release|Any CPU
		{2B4EA492-3613-479E-AD46-39EDE4B86D80}.Release|x64.Build.0 = Release|Any CPU
		{2B4EA492-3613-479E-AD46-39EDE4B86D80}.Release|x64.Deploy.0 = Release|Any CPU
		{2B4EA492-3613-479E-AD46-39EDE4B86D80}.Release|x86.ActiveCfg = Release|Any CPU
		{2B4EA492-3613-479E-AD46-39EDE4B86D80}.Release|x86.Build.0 = Release|Any CPU
		{2B4EA492-3613-479E-AD46-39EDE4B86D80}.Release|x86.Deploy.0 = Release|Any CPU
	EndGlobalSection
	GlobalSection(SolutionProperties) = preSolution
		HideSolutionNode = FALSE
	EndGlobalSection
	GlobalSection(NestedProjects) = preSolution
		{6BF88070-4978-4CD1-A367-1E58926B1D5D} = {26EB5B70-CD74-4EAA-BED3-04797887495F}
		{306B2470-FA8F-402A-9428-7CD099007B7F} = {26EB5B70-CD74-4EAA-BED3-04797887495F}
		{0913FC28-D36E-4B68-A16A-52B9C7D82B49} = {26EB5B70-CD74-4EAA-BED3-04797887495F}
		{093791D2-1FA6-4AB0-8F5E-3A211D4345AE} = {2FD43C3E-A9F9-43EF-8AF4-02E05AC21651}
		{DB9BA8AE-F5F1-465E-8C02-C23F8394B33B} = {2FD43C3E-A9F9-43EF-8AF4-02E05AC21651}
		{0A4DB9BB-51F8-447B-A45A-DBB6D68C8A31} = {2FD43C3E-A9F9-43EF-8AF4-02E05AC21651}
		{2FD43C3E-A9F9-43EF-8AF4-02E05AC21651} = {FBA29CEB-F357-4CD1-8F67-8711A836AF3B}
		{2B4EA492-3613-479E-AD46-39EDE4B86D80} = {FBA29CEB-F357-4CD1-8F67-8711A836AF3B}
	EndGlobalSection
	GlobalSection(ExtensibilityGlobals) = postSolution
		SolutionGuid = {67D44CC6-F429-4C97-AD29-E9267431CDC1}
	EndGlobalSection
EndGlobal
